// !$*UTF8*$!
{
	archiveVersion = 1;
	classes = {
	};
	objectVersion = 46;
	objects = {

/* Begin PBXBuildFile section */
		2651BB1A5835C6E210DC2891 /* Pods_FieryUITests.framework in Frameworks */ = {isa = PBXBuildFile; fileRef = A9149ED782698CFA584F6730 /* Pods_FieryUITests.framework */; };
		676A9F136457BFEBD202CB25 /* Pods_Fiery.framework in Frameworks */ = {isa = PBXBuildFile; fileRef = 9DA6C8B97DF8AD1A38A92FCA /* Pods_Fiery.framework */; };
		AD247B2C1CF0BBAB00CFAA16 /* LoginViewController.swift in Sources */ = {isa = PBXBuildFile; fileRef = AD247B2B1CF0BBAB00CFAA16 /* LoginViewController.swift */; };
		AD247B2E1CF0BBB200CFAA16 /* RegistrationViewController.swift in Sources */ = {isa = PBXBuildFile; fileRef = AD247B2D1CF0BBB200CFAA16 /* RegistrationViewController.swift */; };
		AD247B301CF0C4AC00CFAA16 /* User.swift in Sources */ = {isa = PBXBuildFile; fileRef = AD247B2F1CF0C4AC00CFAA16 /* User.swift */; };
		AD247B331CF0C57A00CFAA16 /* FSOReferenceObserver.swift in Sources */ = {isa = PBXBuildFile; fileRef = AD247B311CF0C57A00CFAA16 /* FSOReferenceObserver.swift */; };
		AD247B341CF0C57A00CFAA16 /* FSOSnapshot.swift in Sources */ = {isa = PBXBuildFile; fileRef = AD247B321CF0C57A00CFAA16 /* FSOSnapshot.swift */; };
		AD247B3F1CF0D68800CFAA16 /* RootDataManager.swift in Sources */ = {isa = PBXBuildFile; fileRef = AD247B3E1CF0D68800CFAA16 /* RootDataManager.swift */; };
		AD247B411CF0E7D300CFAA16 /* FirebaseStorageManager.swift in Sources */ = {isa = PBXBuildFile; fileRef = AD247B401CF0E7D300CFAA16 /* FirebaseStorageManager.swift */; };
		AD247B451CF0EFA900CFAA16 /* MobileCoreServices.framework in Frameworks */ = {isa = PBXBuildFile; fileRef = AD247B441CF0EFA900CFAA16 /* MobileCoreServices.framework */; };
		AD247B471CF1011900CFAA16 /* ConnectionsManager.swift in Sources */ = {isa = PBXBuildFile; fileRef = AD247B461CF1011900CFAA16 /* ConnectionsManager.swift */; };
		AD247B491CF1103800CFAA16 /* Connection.swift in Sources */ = {isa = PBXBuildFile; fileRef = AD247B481CF1103800CFAA16 /* Connection.swift */; };
		AD247B4D1CF14D9E00CFAA16 /* UserSearchViewController.swift in Sources */ = {isa = PBXBuildFile; fileRef = AD247B4C1CF14D9E00CFAA16 /* UserSearchViewController.swift */; };
		AD5E4FE41CF219A80084ADF0 /* Message.swift in Sources */ = {isa = PBXBuildFile; fileRef = AD5E4FE31CF219A80084ADF0 /* Message.swift */; };
		AD5E4FE61CF21CB20084ADF0 /* ChatViewController.swift in Sources */ = {isa = PBXBuildFile; fileRef = AD5E4FE51CF21CB20084ADF0 /* ChatViewController.swift */; };
		AD5E4FE81CF21DB20084ADF0 /* ConversationManager.swift in Sources */ = {isa = PBXBuildFile; fileRef = AD5E4FE71CF21DB20084ADF0 /* ConversationManager.swift */; };
		AD7500DC1CF2C09900C2D2E4 /* ConnectionsTestCases.swift in Sources */ = {isa = PBXBuildFile; fileRef = AD7500DB1CF2C09900C2D2E4 /* ConnectionsTestCases.swift */; };
		AD7500DE1CF2C6C100C2D2E4 /* LoginViewControllerTestCases.swift in Sources */ = {isa = PBXBuildFile; fileRef = AD7500DD1CF2C6C100C2D2E4 /* LoginViewControllerTestCases.swift */; };
		AD7500E21CF3602500C2D2E4 /* RootViewControllerTestCases.swift in Sources */ = {isa = PBXBuildFile; fileRef = AD7500E11CF3602500C2D2E4 /* RootViewControllerTestCases.swift */; };
		AD7500E41CF360B300C2D2E4 /* AuthenticationViewControllerTestCases.swift in Sources */ = {isa = PBXBuildFile; fileRef = AD7500E31CF360B300C2D2E4 /* AuthenticationViewControllerTestCases.swift */; };
		AD7500E61CF3610200C2D2E4 /* RegistrationViewControllerTestCases.swift in Sources */ = {isa = PBXBuildFile; fileRef = AD7500E51CF3610200C2D2E4 /* RegistrationViewControllerTestCases.swift */; };
		AD7500E81CF3617300C2D2E4 /* ConnectionsViewControllerTestCases.swift in Sources */ = {isa = PBXBuildFile; fileRef = AD7500E71CF3617300C2D2E4 /* ConnectionsViewControllerTestCases.swift */; };
		AD7500EA1CF361C400C2D2E4 /* ConnectionTableViewCellTestCases.swift in Sources */ = {isa = PBXBuildFile; fileRef = AD7500E91CF361C400C2D2E4 /* ConnectionTableViewCellTestCases.swift */; };
		AD7500EC1CF3621B00C2D2E4 /* UserSearchViewControllerTestCases.swift in Sources */ = {isa = PBXBuildFile; fileRef = AD7500EB1CF3621B00C2D2E4 /* UserSearchViewControllerTestCases.swift */; };
		AD7500EE1CF3627900C2D2E4 /* ChatViewControllerTestCases.swift in Sources */ = {isa = PBXBuildFile; fileRef = AD7500ED1CF3627900C2D2E4 /* ChatViewControllerTestCases.swift */; };
		AD7500F01CF362D200C2D2E4 /* FirebaseDataMagagerTestCases.swift in Sources */ = {isa = PBXBuildFile; fileRef = AD7500EF1CF362D200C2D2E4 /* FirebaseDataMagagerTestCases.swift */; };
		AD7500F21CF362E400C2D2E4 /* FirebaseStorageManagerTestCases.swift in Sources */ = {isa = PBXBuildFile; fileRef = AD7500F11CF362E400C2D2E4 /* FirebaseStorageManagerTestCases.swift */; };
		AD7500F41CF3631B00C2D2E4 /* ConversationManagerTestCases.swift in Sources */ = {isa = PBXBuildFile; fileRef = AD7500F31CF3631B00C2D2E4 /* ConversationManagerTestCases.swift */; };
		AD7500F61CF3632A00C2D2E4 /* UserTestCases.swift in Sources */ = {isa = PBXBuildFile; fileRef = AD7500F51CF3632A00C2D2E4 /* UserTestCases.swift */; };
		AD7500F81CF3634000C2D2E4 /* ConnectionTestCases.swift in Sources */ = {isa = PBXBuildFile; fileRef = AD7500F71CF3634000C2D2E4 /* ConnectionTestCases.swift */; };
		AD7500FA1CF3635000C2D2E4 /* MessageTestCases.swift in Sources */ = {isa = PBXBuildFile; fileRef = AD7500F91CF3635000C2D2E4 /* MessageTestCases.swift */; };
		AD7500FC1CF3635F00C2D2E4 /* FSOReferenceObserverTestCases.swift in Sources */ = {isa = PBXBuildFile; fileRef = AD7500FB1CF3635F00C2D2E4 /* FSOReferenceObserverTestCases.swift */; };
		AD7500FE1CF3636D00C2D2E4 /* FSOSnapshotTestCases.swift in Sources */ = {isa = PBXBuildFile; fileRef = AD7500FD1CF3636D00C2D2E4 /* FSOSnapshotTestCases.swift */; };
		AD7501001CF3910900C2D2E4 /* RegistrationButton.swift in Sources */ = {isa = PBXBuildFile; fileRef = AD7500FF1CF3910900C2D2E4 /* RegistrationButton.swift */; };
		ADBAF8E01CF25EF3002C4A1D /* ConnectionTableViewCell.swift in Sources */ = {isa = PBXBuildFile; fileRef = ADBAF8DF1CF25EF3002C4A1D /* ConnectionTableViewCell.swift */; };
		ADDE16FA1CF39C59007E4C50 /* UIColor+Fiery.swift in Sources */ = {isa = PBXBuildFile; fileRef = ADDE16F91CF39C59007E4C50 /* UIColor+Fiery.swift */; };
		ADDE16FC1CF39EB4007E4C50 /* RegistrationTextField.swift in Sources */ = {isa = PBXBuildFile; fileRef = ADDE16FB1CF39EB4007E4C50 /* RegistrationTextField.swift */; };
		ADDE16FE1CF3A50A007E4C50 /* NSString+Fiery.swift in Sources */ = {isa = PBXBuildFile; fileRef = ADDE16FD1CF3A50A007E4C50 /* NSString+Fiery.swift */; };
		ADFF57081CEFBD9A00DE6B7E /* AppDelegate.swift in Sources */ = {isa = PBXBuildFile; fileRef = ADFF57071CEFBD9A00DE6B7E /* AppDelegate.swift */; };
		ADFF570A1CEFBD9A00DE6B7E /* RootViewController.swift in Sources */ = {isa = PBXBuildFile; fileRef = ADFF57091CEFBD9A00DE6B7E /* RootViewController.swift */; };
		ADFF570D1CEFBD9A00DE6B7E /* Main.storyboard in Resources */ = {isa = PBXBuildFile; fileRef = ADFF570B1CEFBD9A00DE6B7E /* Main.storyboard */; };
		ADFF570F1CEFBD9A00DE6B7E /* Assets.xcassets in Resources */ = {isa = PBXBuildFile; fileRef = ADFF570E1CEFBD9A00DE6B7E /* Assets.xcassets */; };
		ADFF57121CEFBD9A00DE6B7E /* LaunchScreen.storyboard in Resources */ = {isa = PBXBuildFile; fileRef = ADFF57101CEFBD9A00DE6B7E /* LaunchScreen.storyboard */; };
		ADFF57281CEFBD9A00DE6B7E /* FieryUITests.swift in Sources */ = {isa = PBXBuildFile; fileRef = ADFF57271CEFBD9A00DE6B7E /* FieryUITests.swift */; };
		ADFF57361CEFC0F100DE6B7E /* GoogleService-Info.plist in Resources */ = {isa = PBXBuildFile; fileRef = ADFF57351CEFC0F100DE6B7E /* GoogleService-Info.plist */; };
		ADFF57381CEFC4D000DE6B7E /* FirebaseDataManager.swift in Sources */ = {isa = PBXBuildFile; fileRef = ADFF57371CEFC4D000DE6B7E /* FirebaseDataManager.swift */; };
		ADFF573C1CEFD03D00DE6B7E /* AuthenticationViewController.swift in Sources */ = {isa = PBXBuildFile; fileRef = ADFF573B1CEFD03D00DE6B7E /* AuthenticationViewController.swift */; };
		ADFF573E1CEFD04600DE6B7E /* ConnectionsViewController.swift in Sources */ = {isa = PBXBuildFile; fileRef = ADFF573D1CEFD04600DE6B7E /* ConnectionsViewController.swift */; };
		D40A11A836AADEBE49FA411F /* Pods_FieryTests.framework in Frameworks */ = {isa = PBXBuildFile; fileRef = CBA4B70E4D3DF4C0E66756A1 /* Pods_FieryTests.framework */; };
/* End PBXBuildFile section */

/* Begin PBXContainerItemProxy section */
		ADFF57191CEFBD9A00DE6B7E /* PBXContainerItemProxy */ = {
			isa = PBXContainerItemProxy;
			containerPortal = ADFF56FC1CEFBD9A00DE6B7E /* Project object */;
			proxyType = 1;
			remoteGlobalIDString = ADFF57031CEFBD9A00DE6B7E;
			remoteInfo = Fiery;
		};
		ADFF57241CEFBD9A00DE6B7E /* PBXContainerItemProxy */ = {
			isa = PBXContainerItemProxy;
			containerPortal = ADFF56FC1CEFBD9A00DE6B7E /* Project object */;
			proxyType = 1;
			remoteGlobalIDString = ADFF57031CEFBD9A00DE6B7E;
			remoteInfo = Fiery;
		};
/* End PBXContainerItemProxy section */

/* Begin PBXFileReference section */
		5E1B6D54EC8CB5AA9283AF16 /* Pods-FieryTests.release.xcconfig */ = {isa = PBXFileReference; includeInIndex = 1; lastKnownFileType = text.xcconfig; name = "Pods-FieryTests.release.xcconfig"; path = "Pods/Target Support Files/Pods-FieryTests/Pods-FieryTests.release.xcconfig"; sourceTree = "<group>"; };
		64E4237791408F948BC611FB /* Pods-Fiery.debug.xcconfig */ = {isa = PBXFileReference; includeInIndex = 1; lastKnownFileType = text.xcconfig; name = "Pods-Fiery.debug.xcconfig"; path = "Pods/Target Support Files/Pods-Fiery/Pods-Fiery.debug.xcconfig"; sourceTree = "<group>"; };
		66DCB763D644EF97C340FC4D /* Pods-Fiery.release.xcconfig */ = {isa = PBXFileReference; includeInIndex = 1; lastKnownFileType = text.xcconfig; name = "Pods-Fiery.release.xcconfig"; path = "Pods/Target Support Files/Pods-Fiery/Pods-Fiery.release.xcconfig"; sourceTree = "<group>"; };
		70E75B42F9E36FB500C20AA6 /* Pods-FieryTests.debug.xcconfig */ = {isa = PBXFileReference; includeInIndex = 1; lastKnownFileType = text.xcconfig; name = "Pods-FieryTests.debug.xcconfig"; path = "Pods/Target Support Files/Pods-FieryTests/Pods-FieryTests.debug.xcconfig"; sourceTree = "<group>"; };
		863F155C48B99961C822C380 /* Pods-FieryUITests.debug.xcconfig */ = {isa = PBXFileReference; includeInIndex = 1; lastKnownFileType = text.xcconfig; name = "Pods-FieryUITests.debug.xcconfig"; path = "Pods/Target Support Files/Pods-FieryUITests/Pods-FieryUITests.debug.xcconfig"; sourceTree = "<group>"; };
		9DA6C8B97DF8AD1A38A92FCA /* Pods_Fiery.framework */ = {isa = PBXFileReference; explicitFileType = wrapper.framework; includeInIndex = 0; path = Pods_Fiery.framework; sourceTree = BUILT_PRODUCTS_DIR; };
		A9149ED782698CFA584F6730 /* Pods_FieryUITests.framework */ = {isa = PBXFileReference; explicitFileType = wrapper.framework; includeInIndex = 0; path = Pods_FieryUITests.framework; sourceTree = BUILT_PRODUCTS_DIR; };
		AD247B2B1CF0BBAB00CFAA16 /* LoginViewController.swift */ = {isa = PBXFileReference; fileEncoding = 4; lastKnownFileType = sourcecode.swift; path = LoginViewController.swift; sourceTree = "<group>"; };
		AD247B2D1CF0BBB200CFAA16 /* RegistrationViewController.swift */ = {isa = PBXFileReference; fileEncoding = 4; lastKnownFileType = sourcecode.swift; path = RegistrationViewController.swift; sourceTree = "<group>"; };
		AD247B2F1CF0C4AC00CFAA16 /* User.swift */ = {isa = PBXFileReference; fileEncoding = 4; lastKnownFileType = sourcecode.swift; path = User.swift; sourceTree = "<group>"; };
		AD247B311CF0C57A00CFAA16 /* FSOReferenceObserver.swift */ = {isa = PBXFileReference; fileEncoding = 4; lastKnownFileType = sourcecode.swift; path = FSOReferenceObserver.swift; sourceTree = "<group>"; };
		AD247B321CF0C57A00CFAA16 /* FSOSnapshot.swift */ = {isa = PBXFileReference; fileEncoding = 4; lastKnownFileType = sourcecode.swift; path = FSOSnapshot.swift; sourceTree = "<group>"; };
		AD247B3E1CF0D68800CFAA16 /* RootDataManager.swift */ = {isa = PBXFileReference; fileEncoding = 4; lastKnownFileType = sourcecode.swift; path = RootDataManager.swift; sourceTree = "<group>"; };
		AD247B401CF0E7D300CFAA16 /* FirebaseStorageManager.swift */ = {isa = PBXFileReference; fileEncoding = 4; lastKnownFileType = sourcecode.swift; path = FirebaseStorageManager.swift; sourceTree = "<group>"; };
		AD247B441CF0EFA900CFAA16 /* MobileCoreServices.framework */ = {isa = PBXFileReference; lastKnownFileType = wrapper.framework; name = MobileCoreServices.framework; path = System/Library/Frameworks/MobileCoreServices.framework; sourceTree = SDKROOT; };
		AD247B461CF1011900CFAA16 /* ConnectionsManager.swift */ = {isa = PBXFileReference; fileEncoding = 4; lastKnownFileType = sourcecode.swift; path = ConnectionsManager.swift; sourceTree = "<group>"; };
		AD247B481CF1103800CFAA16 /* Connection.swift */ = {isa = PBXFileReference; fileEncoding = 4; lastKnownFileType = sourcecode.swift; path = Connection.swift; sourceTree = "<group>"; };
		AD247B4C1CF14D9E00CFAA16 /* UserSearchViewController.swift */ = {isa = PBXFileReference; fileEncoding = 4; lastKnownFileType = sourcecode.swift; path = UserSearchViewController.swift; sourceTree = "<group>"; };
		AD5E4FE31CF219A80084ADF0 /* Message.swift */ = {isa = PBXFileReference; fileEncoding = 4; lastKnownFileType = sourcecode.swift; path = Message.swift; sourceTree = "<group>"; };
		AD5E4FE51CF21CB20084ADF0 /* ChatViewController.swift */ = {isa = PBXFileReference; fileEncoding = 4; lastKnownFileType = sourcecode.swift; path = ChatViewController.swift; sourceTree = "<group>"; };
		AD5E4FE71CF21DB20084ADF0 /* ConversationManager.swift */ = {isa = PBXFileReference; fileEncoding = 4; lastKnownFileType = sourcecode.swift; path = ConversationManager.swift; sourceTree = "<group>"; };
		AD7500DB1CF2C09900C2D2E4 /* ConnectionsTestCases.swift */ = {isa = PBXFileReference; fileEncoding = 4; lastKnownFileType = sourcecode.swift; path = ConnectionsTestCases.swift; sourceTree = "<group>"; };
		AD7500DD1CF2C6C100C2D2E4 /* LoginViewControllerTestCases.swift */ = {isa = PBXFileReference; fileEncoding = 4; lastKnownFileType = sourcecode.swift; path = LoginViewControllerTestCases.swift; sourceTree = "<group>"; };
		AD7500E11CF3602500C2D2E4 /* RootViewControllerTestCases.swift */ = {isa = PBXFileReference; fileEncoding = 4; lastKnownFileType = sourcecode.swift; path = RootViewControllerTestCases.swift; sourceTree = "<group>"; };
		AD7500E31CF360B300C2D2E4 /* AuthenticationViewControllerTestCases.swift */ = {isa = PBXFileReference; fileEncoding = 4; lastKnownFileType = sourcecode.swift; path = AuthenticationViewControllerTestCases.swift; sourceTree = "<group>"; };
		AD7500E51CF3610200C2D2E4 /* RegistrationViewControllerTestCases.swift */ = {isa = PBXFileReference; fileEncoding = 4; lastKnownFileType = sourcecode.swift; path = RegistrationViewControllerTestCases.swift; sourceTree = "<group>"; };
		AD7500E71CF3617300C2D2E4 /* ConnectionsViewControllerTestCases.swift */ = {isa = PBXFileReference; fileEncoding = 4; lastKnownFileType = sourcecode.swift; path = ConnectionsViewControllerTestCases.swift; sourceTree = "<group>"; };
		AD7500E91CF361C400C2D2E4 /* ConnectionTableViewCellTestCases.swift */ = {isa = PBXFileReference; fileEncoding = 4; lastKnownFileType = sourcecode.swift; path = ConnectionTableViewCellTestCases.swift; sourceTree = "<group>"; };
		AD7500EB1CF3621B00C2D2E4 /* UserSearchViewControllerTestCases.swift */ = {isa = PBXFileReference; fileEncoding = 4; lastKnownFileType = sourcecode.swift; path = UserSearchViewControllerTestCases.swift; sourceTree = "<group>"; };
		AD7500ED1CF3627900C2D2E4 /* ChatViewControllerTestCases.swift */ = {isa = PBXFileReference; fileEncoding = 4; lastKnownFileType = sourcecode.swift; path = ChatViewControllerTestCases.swift; sourceTree = "<group>"; };
		AD7500EF1CF362D200C2D2E4 /* FirebaseDataMagagerTestCases.swift */ = {isa = PBXFileReference; fileEncoding = 4; lastKnownFileType = sourcecode.swift; path = FirebaseDataMagagerTestCases.swift; sourceTree = "<group>"; };
		AD7500F11CF362E400C2D2E4 /* FirebaseStorageManagerTestCases.swift */ = {isa = PBXFileReference; fileEncoding = 4; lastKnownFileType = sourcecode.swift; path = FirebaseStorageManagerTestCases.swift; sourceTree = "<group>"; };
		AD7500F31CF3631B00C2D2E4 /* ConversationManagerTestCases.swift */ = {isa = PBXFileReference; fileEncoding = 4; lastKnownFileType = sourcecode.swift; path = ConversationManagerTestCases.swift; sourceTree = "<group>"; };
		AD7500F51CF3632A00C2D2E4 /* UserTestCases.swift */ = {isa = PBXFileReference; fileEncoding = 4; lastKnownFileType = sourcecode.swift; path = UserTestCases.swift; sourceTree = "<group>"; };
		AD7500F71CF3634000C2D2E4 /* ConnectionTestCases.swift */ = {isa = PBXFileReference; fileEncoding = 4; lastKnownFileType = sourcecode.swift; path = ConnectionTestCases.swift; sourceTree = "<group>"; };
		AD7500F91CF3635000C2D2E4 /* MessageTestCases.swift */ = {isa = PBXFileReference; fileEncoding = 4; lastKnownFileType = sourcecode.swift; path = MessageTestCases.swift; sourceTree = "<group>"; };
		AD7500FB1CF3635F00C2D2E4 /* FSOReferenceObserverTestCases.swift */ = {isa = PBXFileReference; fileEncoding = 4; lastKnownFileType = sourcecode.swift; path = FSOReferenceObserverTestCases.swift; sourceTree = "<group>"; };
		AD7500FD1CF3636D00C2D2E4 /* FSOSnapshotTestCases.swift */ = {isa = PBXFileReference; fileEncoding = 4; lastKnownFileType = sourcecode.swift; path = FSOSnapshotTestCases.swift; sourceTree = "<group>"; };
		AD7500FF1CF3910900C2D2E4 /* RegistrationButton.swift */ = {isa = PBXFileReference; fileEncoding = 4; lastKnownFileType = sourcecode.swift; path = RegistrationButton.swift; sourceTree = "<group>"; };
		ADBAF8DF1CF25EF3002C4A1D /* ConnectionTableViewCell.swift */ = {isa = PBXFileReference; fileEncoding = 4; lastKnownFileType = sourcecode.swift; path = ConnectionTableViewCell.swift; sourceTree = "<group>"; };
		ADDE16F91CF39C59007E4C50 /* UIColor+Fiery.swift */ = {isa = PBXFileReference; fileEncoding = 4; lastKnownFileType = sourcecode.swift; path = "UIColor+Fiery.swift"; sourceTree = "<group>"; };
		ADDE16FB1CF39EB4007E4C50 /* RegistrationTextField.swift */ = {isa = PBXFileReference; fileEncoding = 4; lastKnownFileType = sourcecode.swift; path = RegistrationTextField.swift; sourceTree = "<group>"; };
		ADDE16FD1CF3A50A007E4C50 /* NSString+Fiery.swift */ = {isa = PBXFileReference; fileEncoding = 4; lastKnownFileType = sourcecode.swift; path = "NSString+Fiery.swift"; sourceTree = "<group>"; };
		ADFF57041CEFBD9A00DE6B7E /* Fiery.app */ = {isa = PBXFileReference; explicitFileType = wrapper.application; includeInIndex = 0; path = Fiery.app; sourceTree = BUILT_PRODUCTS_DIR; };
		ADFF57071CEFBD9A00DE6B7E /* AppDelegate.swift */ = {isa = PBXFileReference; lastKnownFileType = sourcecode.swift; path = AppDelegate.swift; sourceTree = "<group>"; };
		ADFF57091CEFBD9A00DE6B7E /* RootViewController.swift */ = {isa = PBXFileReference; lastKnownFileType = sourcecode.swift; path = RootViewController.swift; sourceTree = "<group>"; };
		ADFF570C1CEFBD9A00DE6B7E /* Base */ = {isa = PBXFileReference; lastKnownFileType = file.storyboard; name = Base; path = Base.lproj/Main.storyboard; sourceTree = "<group>"; };
		ADFF570E1CEFBD9A00DE6B7E /* Assets.xcassets */ = {isa = PBXFileReference; lastKnownFileType = folder.assetcatalog; path = Assets.xcassets; sourceTree = "<group>"; };
		ADFF57111CEFBD9A00DE6B7E /* Base */ = {isa = PBXFileReference; lastKnownFileType = file.storyboard; name = Base; path = Base.lproj/LaunchScreen.storyboard; sourceTree = "<group>"; };
		ADFF57131CEFBD9A00DE6B7E /* Info.plist */ = {isa = PBXFileReference; lastKnownFileType = text.plist.xml; path = Info.plist; sourceTree = "<group>"; };
		ADFF57181CEFBD9A00DE6B7E /* FieryTests.xctest */ = {isa = PBXFileReference; explicitFileType = wrapper.cfbundle; includeInIndex = 0; path = FieryTests.xctest; sourceTree = BUILT_PRODUCTS_DIR; };
		ADFF571E1CEFBD9A00DE6B7E /* Info.plist */ = {isa = PBXFileReference; lastKnownFileType = text.plist.xml; path = Info.plist; sourceTree = "<group>"; };
		ADFF57231CEFBD9A00DE6B7E /* FieryUITests.xctest */ = {isa = PBXFileReference; explicitFileType = wrapper.cfbundle; includeInIndex = 0; path = FieryUITests.xctest; sourceTree = BUILT_PRODUCTS_DIR; };
		ADFF57271CEFBD9A00DE6B7E /* FieryUITests.swift */ = {isa = PBXFileReference; lastKnownFileType = sourcecode.swift; path = FieryUITests.swift; sourceTree = "<group>"; };
		ADFF57291CEFBD9A00DE6B7E /* Info.plist */ = {isa = PBXFileReference; lastKnownFileType = text.plist.xml; path = Info.plist; sourceTree = "<group>"; };
		ADFF57351CEFC0F100DE6B7E /* GoogleService-Info.plist */ = {isa = PBXFileReference; fileEncoding = 4; lastKnownFileType = text.plist.xml; path = "GoogleService-Info.plist"; sourceTree = "<group>"; };
		ADFF57371CEFC4D000DE6B7E /* FirebaseDataManager.swift */ = {isa = PBXFileReference; fileEncoding = 4; lastKnownFileType = sourcecode.swift; path = FirebaseDataManager.swift; sourceTree = "<group>"; };
		ADFF573B1CEFD03D00DE6B7E /* AuthenticationViewController.swift */ = {isa = PBXFileReference; fileEncoding = 4; lastKnownFileType = sourcecode.swift; path = AuthenticationViewController.swift; sourceTree = "<group>"; };
		ADFF573D1CEFD04600DE6B7E /* ConnectionsViewController.swift */ = {isa = PBXFileReference; fileEncoding = 4; lastKnownFileType = sourcecode.swift; path = ConnectionsViewController.swift; sourceTree = "<group>"; };
		CBA4B70E4D3DF4C0E66756A1 /* Pods_FieryTests.framework */ = {isa = PBXFileReference; explicitFileType = wrapper.framework; includeInIndex = 0; path = Pods_FieryTests.framework; sourceTree = BUILT_PRODUCTS_DIR; };
		DB9C00E1026821BF7E808724 /* Pods-FieryUITests.release.xcconfig */ = {isa = PBXFileReference; includeInIndex = 1; lastKnownFileType = text.xcconfig; name = "Pods-FieryUITests.release.xcconfig"; path = "Pods/Target Support Files/Pods-FieryUITests/Pods-FieryUITests.release.xcconfig"; sourceTree = "<group>"; };
/* End PBXFileReference section */

/* Begin PBXFrameworksBuildPhase section */
		ADFF57011CEFBD9A00DE6B7E /* Frameworks */ = {
			isa = PBXFrameworksBuildPhase;
			buildActionMask = 2147483647;
			files = (
				AD247B451CF0EFA900CFAA16 /* MobileCoreServices.framework in Frameworks */,
				676A9F136457BFEBD202CB25 /* Pods_Fiery.framework in Frameworks */,
			);
			runOnlyForDeploymentPostprocessing = 0;
		};
		ADFF57151CEFBD9A00DE6B7E /* Frameworks */ = {
			isa = PBXFrameworksBuildPhase;
			buildActionMask = 2147483647;
			files = (
				D40A11A836AADEBE49FA411F /* Pods_FieryTests.framework in Frameworks */,
			);
			runOnlyForDeploymentPostprocessing = 0;
		};
		ADFF57201CEFBD9A00DE6B7E /* Frameworks */ = {
			isa = PBXFrameworksBuildPhase;
			buildActionMask = 2147483647;
			files = (
				2651BB1A5835C6E210DC2891 /* Pods_FieryUITests.framework in Frameworks */,
			);
			runOnlyForDeploymentPostprocessing = 0;
		};
/* End PBXFrameworksBuildPhase section */

/* Begin PBXGroup section */
		0F5F8BB9E3BA347262A629D2 /* Frameworks */ = {
			isa = PBXGroup;
			children = (
				AD247B441CF0EFA900CFAA16 /* MobileCoreServices.framework */,
				9DA6C8B97DF8AD1A38A92FCA /* Pods_Fiery.framework */,
				CBA4B70E4D3DF4C0E66756A1 /* Pods_FieryTests.framework */,
				A9149ED782698CFA584F6730 /* Pods_FieryUITests.framework */,
			);
			name = Frameworks;
			sourceTree = "<group>";
		};
		95EB4A5895425F0078E1D5E8 /* Pods */ = {
			isa = PBXGroup;
			children = (
				64E4237791408F948BC611FB /* Pods-Fiery.debug.xcconfig */,
				66DCB763D644EF97C340FC4D /* Pods-Fiery.release.xcconfig */,
				70E75B42F9E36FB500C20AA6 /* Pods-FieryTests.debug.xcconfig */,
				5E1B6D54EC8CB5AA9283AF16 /* Pods-FieryTests.release.xcconfig */,
				863F155C48B99961C822C380 /* Pods-FieryUITests.debug.xcconfig */,
				DB9C00E1026821BF7E808724 /* Pods-FieryUITests.release.xcconfig */,
			);
			name = Pods;
			sourceTree = "<group>";
		};
		AD247B351CF0C7E500CFAA16 /* Firebase Swift Observer */ = {
			isa = PBXGroup;
			children = (
				AD247B311CF0C57A00CFAA16 /* FSOReferenceObserver.swift */,
				AD247B321CF0C57A00CFAA16 /* FSOSnapshot.swift */,
			);
			name = "Firebase Swift Observer";
			sourceTree = "<group>";
		};
		AD247B361CF0C7F100CFAA16 /* Objects */ = {
			isa = PBXGroup;
			children = (
				AD247B2F1CF0C4AC00CFAA16 /* User.swift */,
				AD247B481CF1103800CFAA16 /* Connection.swift */,
				AD5E4FE31CF219A80084ADF0 /* Message.swift */,
			);
			name = Objects;
			sourceTree = "<group>";
		};
		AD247B371CF0C80800CFAA16 /* Managers */ = {
			isa = PBXGroup;
			children = (
				ADFF57371CEFC4D000DE6B7E /* FirebaseDataManager.swift */,
				AD247B401CF0E7D300CFAA16 /* FirebaseStorageManager.swift */,
				AD247B461CF1011900CFAA16 /* ConnectionsManager.swift */,
				AD5E4FE71CF21DB20084ADF0 /* ConversationManager.swift */,
			);
			name = Managers;
			sourceTree = "<group>";
		};
		AD247B381CF0C81100CFAA16 /* Core */ = {
			isa = PBXGroup;
			children = (
				ADFF57071CEFBD9A00DE6B7E /* AppDelegate.swift */,
				ADFF57091CEFBD9A00DE6B7E /* RootViewController.swift */,
				AD247B3E1CF0D68800CFAA16 /* RootDataManager.swift */,
			);
			name = Core;
			sourceTree = "<group>";
		};
		AD247B391CF0C81700CFAA16 /* Auth */ = {
			isa = PBXGroup;
			children = (
				ADFF573B1CEFD03D00DE6B7E /* AuthenticationViewController.swift */,
				AD247B2B1CF0BBAB00CFAA16 /* LoginViewController.swift */,
				AD247B2D1CF0BBB200CFAA16 /* RegistrationViewController.swift */,
				AD7500FF1CF3910900C2D2E4 /* RegistrationButton.swift */,
				ADDE16FB1CF39EB4007E4C50 /* RegistrationTextField.swift */,
			);
			name = Auth;
			sourceTree = "<group>";
		};
		AD247B3A1CF0C81D00CFAA16 /* Connections */ = {
			isa = PBXGroup;
			children = (
				ADFF573D1CEFD04600DE6B7E /* ConnectionsViewController.swift */,
				ADBAF8DF1CF25EF3002C4A1D /* ConnectionTableViewCell.swift */,
				AD247B4C1CF14D9E00CFAA16 /* UserSearchViewController.swift */,
			);
			name = Connections;
			sourceTree = "<group>";
		};
		AD247B3B1CF0C83E00CFAA16 /* Support */ = {
			isa = PBXGroup;
			children = (
				ADFF570B1CEFBD9A00DE6B7E /* Main.storyboard */,
				ADFF570E1CEFBD9A00DE6B7E /* Assets.xcassets */,
				ADFF57101CEFBD9A00DE6B7E /* LaunchScreen.storyboard */,
				ADFF57131CEFBD9A00DE6B7E /* Info.plist */,
				ADFF57351CEFC0F100DE6B7E /* GoogleService-Info.plist */,
				ADDE16F91CF39C59007E4C50 /* UIColor+Fiery.swift */,
				ADDE16FD1CF3A50A007E4C50 /* NSString+Fiery.swift */,
			);
			name = Support;
			sourceTree = "<group>";
		};
		AD5E4FE91CF21DE90084ADF0 /* Chat */ = {
			isa = PBXGroup;
			children = (
				AD5E4FE51CF21CB20084ADF0 /* ChatViewController.swift */,
			);
			name = Chat;
			sourceTree = "<group>";
		};
		ADFF56FB1CEFBD9A00DE6B7E = {
			isa = PBXGroup;
			children = (
				ADFF57061CEFBD9A00DE6B7E /* Fiery */,
				ADFF571B1CEFBD9A00DE6B7E /* FieryTests */,
				ADFF57261CEFBD9A00DE6B7E /* FieryUITests */,
				ADFF57051CEFBD9A00DE6B7E /* Products */,
				95EB4A5895425F0078E1D5E8 /* Pods */,
				0F5F8BB9E3BA347262A629D2 /* Frameworks */,
			);
			sourceTree = "<group>";
		};
		ADFF57051CEFBD9A00DE6B7E /* Products */ = {
			isa = PBXGroup;
			children = (
				ADFF57041CEFBD9A00DE6B7E /* Fiery.app */,
				ADFF57181CEFBD9A00DE6B7E /* FieryTests.xctest */,
				ADFF57231CEFBD9A00DE6B7E /* FieryUITests.xctest */,
			);
			name = Products;
			sourceTree = "<group>";
		};
		ADFF57061CEFBD9A00DE6B7E /* Fiery */ = {
			isa = PBXGroup;
			children = (
				AD247B381CF0C81100CFAA16 /* Core */,
				AD247B391CF0C81700CFAA16 /* Auth */,
				AD247B3A1CF0C81D00CFAA16 /* Connections */,
				AD5E4FE91CF21DE90084ADF0 /* Chat */,
				AD247B371CF0C80800CFAA16 /* Managers */,
				AD247B361CF0C7F100CFAA16 /* Objects */,
				AD247B351CF0C7E500CFAA16 /* Firebase Swift Observer */,
				AD247B3B1CF0C83E00CFAA16 /* Support */,
			);
			path = Fiery;
			sourceTree = "<group>";
		};
		ADFF571B1CEFBD9A00DE6B7E /* FieryTests */ = {
			isa = PBXGroup;
			children = (
				AD7500E11CF3602500C2D2E4 /* RootViewControllerTestCases.swift */,
				AD7500E31CF360B300C2D2E4 /* AuthenticationViewControllerTestCases.swift */,
				AD7500DD1CF2C6C100C2D2E4 /* LoginViewControllerTestCases.swift */,
				AD7500E51CF3610200C2D2E4 /* RegistrationViewControllerTestCases.swift */,
				AD7500E71CF3617300C2D2E4 /* ConnectionsViewControllerTestCases.swift */,
				AD7500E91CF361C400C2D2E4 /* ConnectionTableViewCellTestCases.swift */,
				AD7500EB1CF3621B00C2D2E4 /* UserSearchViewControllerTestCases.swift */,
				AD7500ED1CF3627900C2D2E4 /* ChatViewControllerTestCases.swift */,
				AD7500EF1CF362D200C2D2E4 /* FirebaseDataMagagerTestCases.swift */,
				AD7500F11CF362E400C2D2E4 /* FirebaseStorageManagerTestCases.swift */,
				AD7500DB1CF2C09900C2D2E4 /* ConnectionsTestCases.swift */,
				AD7500F31CF3631B00C2D2E4 /* ConversationManagerTestCases.swift */,
				AD7500F51CF3632A00C2D2E4 /* UserTestCases.swift */,
				AD7500F71CF3634000C2D2E4 /* ConnectionTestCases.swift */,
				AD7500F91CF3635000C2D2E4 /* MessageTestCases.swift */,
				AD7500FB1CF3635F00C2D2E4 /* FSOReferenceObserverTestCases.swift */,
				AD7500FD1CF3636D00C2D2E4 /* FSOSnapshotTestCases.swift */,
				ADFF571E1CEFBD9A00DE6B7E /* Info.plist */,
			);
			path = FieryTests;
			sourceTree = "<group>";
		};
		ADFF57261CEFBD9A00DE6B7E /* FieryUITests */ = {
			isa = PBXGroup;
			children = (
				ADFF57271CEFBD9A00DE6B7E /* FieryUITests.swift */,
				ADFF57291CEFBD9A00DE6B7E /* Info.plist */,
			);
			path = FieryUITests;
			sourceTree = "<group>";
		};
/* End PBXGroup section */

/* Begin PBXNativeTarget section */
		ADFF57031CEFBD9A00DE6B7E /* Fiery */ = {
			isa = PBXNativeTarget;
			buildConfigurationList = ADFF572C1CEFBD9A00DE6B7E /* Build configuration list for PBXNativeTarget "Fiery" */;
			buildPhases = (
				4E56E0F9DC7D411D0025BD2F /* Check Pods Manifest.lock */,
				ADFF57001CEFBD9A00DE6B7E /* Sources */,
				ADFF57011CEFBD9A00DE6B7E /* Frameworks */,
				ADFF57021CEFBD9A00DE6B7E /* Resources */,
				3F49D596E41DF120CF3AF88B /* Embed Pods Frameworks */,
				E4F02223EE2FF30BE5B608ED /* Copy Pods Resources */,
			);
			buildRules = (
			);
			dependencies = (
			);
			name = Fiery;
			productName = Fiery;
			productReference = ADFF57041CEFBD9A00DE6B7E /* Fiery.app */;
			productType = "com.apple.product-type.application";
		};
		ADFF57171CEFBD9A00DE6B7E /* FieryTests */ = {
			isa = PBXNativeTarget;
			buildConfigurationList = ADFF572F1CEFBD9A00DE6B7E /* Build configuration list for PBXNativeTarget "FieryTests" */;
			buildPhases = (
				0869B046689CD9ABC2581CA6 /* Check Pods Manifest.lock */,
				ADFF57141CEFBD9A00DE6B7E /* Sources */,
				ADFF57151CEFBD9A00DE6B7E /* Frameworks */,
				ADFF57161CEFBD9A00DE6B7E /* Resources */,
				7FBC95027FEBB145C26C41C6 /* Embed Pods Frameworks */,
				7DD928BB3D9920C5A2004195 /* Copy Pods Resources */,
			);
			buildRules = (
			);
			dependencies = (
				ADFF571A1CEFBD9A00DE6B7E /* PBXTargetDependency */,
			);
			name = FieryTests;
			productName = FieryTests;
			productReference = ADFF57181CEFBD9A00DE6B7E /* FieryTests.xctest */;
			productType = "com.apple.product-type.bundle.unit-test";
		};
		ADFF57221CEFBD9A00DE6B7E /* FieryUITests */ = {
			isa = PBXNativeTarget;
			buildConfigurationList = ADFF57321CEFBD9A00DE6B7E /* Build configuration list for PBXNativeTarget "FieryUITests" */;
			buildPhases = (
				6B94B2BAF6BE41B63198EE1F /* Check Pods Manifest.lock */,
				ADFF571F1CEFBD9A00DE6B7E /* Sources */,
				ADFF57201CEFBD9A00DE6B7E /* Frameworks */,
				ADFF57211CEFBD9A00DE6B7E /* Resources */,
				AD674FD107E116EDD90F393C /* Copy Pods Resources */,
			);
			buildRules = (
			);
			dependencies = (
				ADFF57251CEFBD9A00DE6B7E /* PBXTargetDependency */,
			);
			name = FieryUITests;
			productName = FieryUITests;
			productReference = ADFF57231CEFBD9A00DE6B7E /* FieryUITests.xctest */;
			productType = "com.apple.product-type.bundle.ui-testing";
		};
/* End PBXNativeTarget section */

/* Begin PBXProject section */
		ADFF56FC1CEFBD9A00DE6B7E /* Project object */ = {
			isa = PBXProject;
			attributes = {
				LastSwiftUpdateCheck = 0730;
				LastUpgradeCheck = 0730;
				ORGANIZATIONNAME = "Ragnar Development";
				TargetAttributes = {
					ADFF57031CEFBD9A00DE6B7E = {
						CreatedOnToolsVersion = 7.3;
						DevelopmentTeam = W375UQHBF4;
						SystemCapabilities = {
							com.apple.Push = {
								enabled = 1;
							};
						};
					};
					ADFF57171CEFBD9A00DE6B7E = {
						CreatedOnToolsVersion = 7.3;
						TestTargetID = ADFF57031CEFBD9A00DE6B7E;
					};
					ADFF57221CEFBD9A00DE6B7E = {
						CreatedOnToolsVersion = 7.3;
						TestTargetID = ADFF57031CEFBD9A00DE6B7E;
					};
				};
			};
			buildConfigurationList = ADFF56FF1CEFBD9A00DE6B7E /* Build configuration list for PBXProject "Fiery" */;
			compatibilityVersion = "Xcode 3.2";
			developmentRegion = English;
			hasScannedForEncodings = 0;
			knownRegions = (
				en,
				Base,
			);
			mainGroup = ADFF56FB1CEFBD9A00DE6B7E;
			productRefGroup = ADFF57051CEFBD9A00DE6B7E /* Products */;
			projectDirPath = "";
			projectRoot = "";
			targets = (
				ADFF57031CEFBD9A00DE6B7E /* Fiery */,
				ADFF57171CEFBD9A00DE6B7E /* FieryTests */,
				ADFF57221CEFBD9A00DE6B7E /* FieryUITests */,
			);
		};
/* End PBXProject section */

/* Begin PBXResourcesBuildPhase section */
		ADFF57021CEFBD9A00DE6B7E /* Resources */ = {
			isa = PBXResourcesBuildPhase;
			buildActionMask = 2147483647;
			files = (
				ADFF57121CEFBD9A00DE6B7E /* LaunchScreen.storyboard in Resources */,
				ADFF57361CEFC0F100DE6B7E /* GoogleService-Info.plist in Resources */,
				ADFF570F1CEFBD9A00DE6B7E /* Assets.xcassets in Resources */,
				ADFF570D1CEFBD9A00DE6B7E /* Main.storyboard in Resources */,
			);
			runOnlyForDeploymentPostprocessing = 0;
		};
		ADFF57161CEFBD9A00DE6B7E /* Resources */ = {
			isa = PBXResourcesBuildPhase;
			buildActionMask = 2147483647;
			files = (
			);
			runOnlyForDeploymentPostprocessing = 0;
		};
		ADFF57211CEFBD9A00DE6B7E /* Resources */ = {
			isa = PBXResourcesBuildPhase;
			buildActionMask = 2147483647;
			files = (
			);
			runOnlyForDeploymentPostprocessing = 0;
		};
/* End PBXResourcesBuildPhase section */

/* Begin PBXShellScriptBuildPhase section */
		0869B046689CD9ABC2581CA6 /* Check Pods Manifest.lock */ = {
			isa = PBXShellScriptBuildPhase;
			buildActionMask = 2147483647;
			files = (
			);
			inputPaths = (
			);
			name = "Check Pods Manifest.lock";
			outputPaths = (
			);
			runOnlyForDeploymentPostprocessing = 0;
			shellPath = /bin/sh;
			shellScript = "diff \"${PODS_ROOT}/../Podfile.lock\" \"${PODS_ROOT}/Manifest.lock\" > /dev/null\nif [[ $? != 0 ]] ; then\n    cat << EOM\nerror: The sandbox is not in sync with the Podfile.lock. Run 'pod install' or update your CocoaPods installation.\nEOM\n    exit 1\nfi\n";
			showEnvVarsInLog = 0;
		};
		3F49D596E41DF120CF3AF88B /* Embed Pods Frameworks */ = {
			isa = PBXShellScriptBuildPhase;
			buildActionMask = 2147483647;
			files = (
			);
			inputPaths = (
			);
			name = "Embed Pods Frameworks";
			outputPaths = (
			);
			runOnlyForDeploymentPostprocessing = 0;
			shellPath = /bin/sh;
			shellScript = "\"${SRCROOT}/Pods/Target Support Files/Pods-Fiery/Pods-Fiery-frameworks.sh\"\n";
			showEnvVarsInLog = 0;
		};
		4E56E0F9DC7D411D0025BD2F /* Check Pods Manifest.lock */ = {
			isa = PBXShellScriptBuildPhase;
			buildActionMask = 2147483647;
			files = (
			);
			inputPaths = (
			);
			name = "Check Pods Manifest.lock";
			outputPaths = (
			);
			runOnlyForDeploymentPostprocessing = 0;
			shellPath = /bin/sh;
			shellScript = "diff \"${PODS_ROOT}/../Podfile.lock\" \"${PODS_ROOT}/Manifest.lock\" > /dev/null\nif [[ $? != 0 ]] ; then\n    cat << EOM\nerror: The sandbox is not in sync with the Podfile.lock. Run 'pod install' or update your CocoaPods installation.\nEOM\n    exit 1\nfi\n";
			showEnvVarsInLog = 0;
		};
		6B94B2BAF6BE41B63198EE1F /* Check Pods Manifest.lock */ = {
			isa = PBXShellScriptBuildPhase;
			buildActionMask = 2147483647;
			files = (
			);
			inputPaths = (
			);
			name = "Check Pods Manifest.lock";
			outputPaths = (
			);
			runOnlyForDeploymentPostprocessing = 0;
			shellPath = /bin/sh;
			shellScript = "diff \"${PODS_ROOT}/../Podfile.lock\" \"${PODS_ROOT}/Manifest.lock\" > /dev/null\nif [[ $? != 0 ]] ; then\n    cat << EOM\nerror: The sandbox is not in sync with the Podfile.lock. Run 'pod install' or update your CocoaPods installation.\nEOM\n    exit 1\nfi\n";
			showEnvVarsInLog = 0;
		};
		7DD928BB3D9920C5A2004195 /* Copy Pods Resources */ = {
			isa = PBXShellScriptBuildPhase;
			buildActionMask = 2147483647;
			files = (
			);
			inputPaths = (
			);
			name = "Copy Pods Resources";
			outputPaths = (
			);
			runOnlyForDeploymentPostprocessing = 0;
			shellPath = /bin/sh;
			shellScript = "\"${SRCROOT}/Pods/Target Support Files/Pods-FieryTests/Pods-FieryTests-resources.sh\"\n";
			showEnvVarsInLog = 0;
		};
		7FBC95027FEBB145C26C41C6 /* Embed Pods Frameworks */ = {
			isa = PBXShellScriptBuildPhase;
			buildActionMask = 2147483647;
			files = (
			);
			inputPaths = (
			);
			name = "Embed Pods Frameworks";
			outputPaths = (
			);
			runOnlyForDeploymentPostprocessing = 0;
			shellPath = /bin/sh;
			shellScript = "\"${SRCROOT}/Pods/Target Support Files/Pods-FieryTests/Pods-FieryTests-frameworks.sh\"\n";
			showEnvVarsInLog = 0;
		};
		AD674FD107E116EDD90F393C /* Copy Pods Resources */ = {
			isa = PBXShellScriptBuildPhase;
			buildActionMask = 2147483647;
			files = (
			);
			inputPaths = (
			);
			name = "Copy Pods Resources";
			outputPaths = (
			);
			runOnlyForDeploymentPostprocessing = 0;
			shellPath = /bin/sh;
			shellScript = "\"${SRCROOT}/Pods/Target Support Files/Pods-FieryUITests/Pods-FieryUITests-resources.sh\"\n";
			showEnvVarsInLog = 0;
		};
		E4F02223EE2FF30BE5B608ED /* Copy Pods Resources */ = {
			isa = PBXShellScriptBuildPhase;
			buildActionMask = 2147483647;
			files = (
			);
			inputPaths = (
			);
			name = "Copy Pods Resources";
			outputPaths = (
			);
			runOnlyForDeploymentPostprocessing = 0;
			shellPath = /bin/sh;
			shellScript = "\"${SRCROOT}/Pods/Target Support Files/Pods-Fiery/Pods-Fiery-resources.sh\"\n";
			showEnvVarsInLog = 0;
		};
/* End PBXShellScriptBuildPhase section */

/* Begin PBXSourcesBuildPhase section */
		ADFF57001CEFBD9A00DE6B7E /* Sources */ = {
			isa = PBXSourcesBuildPhase;
			buildActionMask = 2147483647;
			files = (
				AD247B2C1CF0BBAB00CFAA16 /* LoginViewController.swift in Sources */,
				ADFF570A1CEFBD9A00DE6B7E /* RootViewController.swift in Sources */,
				ADDE16FC1CF39EB4007E4C50 /* RegistrationTextField.swift in Sources */,
				ADDE16FE1CF3A50A007E4C50 /* NSString+Fiery.swift in Sources */,
				ADBAF8E01CF25EF3002C4A1D /* ConnectionTableViewCell.swift in Sources */,
				ADFF57081CEFBD9A00DE6B7E /* AppDelegate.swift in Sources */,
				ADFF573E1CEFD04600DE6B7E /* ConnectionsViewController.swift in Sources */,
				AD5E4FE81CF21DB20084ADF0 /* ConversationManager.swift in Sources */,
				AD247B331CF0C57A00CFAA16 /* FSOReferenceObserver.swift in Sources */,
				AD247B411CF0E7D300CFAA16 /* FirebaseStorageManager.swift in Sources */,
				AD247B301CF0C4AC00CFAA16 /* User.swift in Sources */,
				AD247B491CF1103800CFAA16 /* Connection.swift in Sources */,
				AD7501001CF3910900C2D2E4 /* RegistrationButton.swift in Sources */,
				AD247B2E1CF0BBB200CFAA16 /* RegistrationViewController.swift in Sources */,
				ADFF57381CEFC4D000DE6B7E /* FirebaseDataManager.swift in Sources */,
				AD247B3F1CF0D68800CFAA16 /* RootDataManager.swift in Sources */,
				AD5E4FE61CF21CB20084ADF0 /* ChatViewController.swift in Sources */,
				AD247B341CF0C57A00CFAA16 /* FSOSnapshot.swift in Sources */,
				AD247B4D1CF14D9E00CFAA16 /* UserSearchViewController.swift in Sources */,
				AD5E4FE41CF219A80084ADF0 /* Message.swift in Sources */,
				ADFF573C1CEFD03D00DE6B7E /* AuthenticationViewController.swift in Sources */,
				ADDE16FA1CF39C59007E4C50 /* UIColor+Fiery.swift in Sources */,
				AD247B471CF1011900CFAA16 /* ConnectionsManager.swift in Sources */,
			);
			runOnlyForDeploymentPostprocessing = 0;
		};
		ADFF57141CEFBD9A00DE6B7E /* Sources */ = {
			isa = PBXSourcesBuildPhase;
			buildActionMask = 2147483647;
			files = (
				AD7500EA1CF361C400C2D2E4 /* ConnectionTableViewCellTestCases.swift in Sources */,
				AD7500F61CF3632A00C2D2E4 /* UserTestCases.swift in Sources */,
				AD7500E61CF3610200C2D2E4 /* RegistrationViewControllerTestCases.swift in Sources */,
				AD7500F81CF3634000C2D2E4 /* ConnectionTestCases.swift in Sources */,
				AD7500F41CF3631B00C2D2E4 /* ConversationManagerTestCases.swift in Sources */,
				AD7500E41CF360B300C2D2E4 /* AuthenticationViewControllerTestCases.swift in Sources */,
				AD7500F21CF362E400C2D2E4 /* FirebaseStorageManagerTestCases.swift in Sources */,
				AD7500EE1CF3627900C2D2E4 /* ChatViewControllerTestCases.swift in Sources */,
				AD7500DC1CF2C09900C2D2E4 /* ConnectionsTestCases.swift in Sources */,
				AD7500E21CF3602500C2D2E4 /* RootViewControllerTestCases.swift in Sources */,
				AD7500EC1CF3621B00C2D2E4 /* UserSearchViewControllerTestCases.swift in Sources */,
				AD7500F01CF362D200C2D2E4 /* FirebaseDataMagagerTestCases.swift in Sources */,
				AD7500FC1CF3635F00C2D2E4 /* FSOReferenceObserverTestCases.swift in Sources */,
				AD7500FA1CF3635000C2D2E4 /* MessageTestCases.swift in Sources */,
				AD7500E81CF3617300C2D2E4 /* ConnectionsViewControllerTestCases.swift in Sources */,
				AD7500FE1CF3636D00C2D2E4 /* FSOSnapshotTestCases.swift in Sources */,
				AD7500DE1CF2C6C100C2D2E4 /* LoginViewControllerTestCases.swift in Sources */,
			);
			runOnlyForDeploymentPostprocessing = 0;
		};
		ADFF571F1CEFBD9A00DE6B7E /* Sources */ = {
			isa = PBXSourcesBuildPhase;
			buildActionMask = 2147483647;
			files = (
				ADFF57281CEFBD9A00DE6B7E /* FieryUITests.swift in Sources */,
			);
			runOnlyForDeploymentPostprocessing = 0;
		};
/* End PBXSourcesBuildPhase section */

/* Begin PBXTargetDependency section */
		ADFF571A1CEFBD9A00DE6B7E /* PBXTargetDependency */ = {
			isa = PBXTargetDependency;
			target = ADFF57031CEFBD9A00DE6B7E /* Fiery */;
			targetProxy = ADFF57191CEFBD9A00DE6B7E /* PBXContainerItemProxy */;
		};
		ADFF57251CEFBD9A00DE6B7E /* PBXTargetDependency */ = {
			isa = PBXTargetDependency;
			target = ADFF57031CEFBD9A00DE6B7E /* Fiery */;
			targetProxy = ADFF57241CEFBD9A00DE6B7E /* PBXContainerItemProxy */;
		};
/* End PBXTargetDependency section */

/* Begin PBXVariantGroup section */
		ADFF570B1CEFBD9A00DE6B7E /* Main.storyboard */ = {
			isa = PBXVariantGroup;
			children = (
				ADFF570C1CEFBD9A00DE6B7E /* Base */,
			);
			name = Main.storyboard;
			sourceTree = "<group>";
		};
		ADFF57101CEFBD9A00DE6B7E /* LaunchScreen.storyboard */ = {
			isa = PBXVariantGroup;
			children = (
				ADFF57111CEFBD9A00DE6B7E /* Base */,
			);
			name = LaunchScreen.storyboard;
			sourceTree = "<group>";
		};
/* End PBXVariantGroup section */

/* Begin XCBuildConfiguration section */
		ADFF572A1CEFBD9A00DE6B7E /* Debug */ = {
			isa = XCBuildConfiguration;
			buildSettings = {
				ALWAYS_SEARCH_USER_PATHS = NO;
				CLANG_ANALYZER_NONNULL = YES;
				CLANG_CXX_LANGUAGE_STANDARD = "gnu++0x";
				CLANG_CXX_LIBRARY = "libc++";
				CLANG_ENABLE_CODE_COVERAGE = YES;
				CLANG_ENABLE_MODULES = YES;
				CLANG_ENABLE_OBJC_ARC = YES;
				CLANG_WARN_BOOL_CONVERSION = YES;
				CLANG_WARN_CONSTANT_CONVERSION = YES;
				CLANG_WARN_DIRECT_OBJC_ISA_USAGE = YES_ERROR;
				CLANG_WARN_EMPTY_BODY = YES;
				CLANG_WARN_ENUM_CONVERSION = YES;
				CLANG_WARN_INT_CONVERSION = YES;
				CLANG_WARN_OBJC_ROOT_CLASS = YES_ERROR;
				CLANG_WARN_UNREACHABLE_CODE = YES;
				CLANG_WARN__DUPLICATE_METHOD_MATCH = YES;
				"CODE_SIGN_IDENTITY[sdk=iphoneos*]" = "iPhone Developer";
				COPY_PHASE_STRIP = NO;
				DEBUG_INFORMATION_FORMAT = dwarf;
				ENABLE_STRICT_OBJC_MSGSEND = YES;
				ENABLE_TESTABILITY = YES;
				GCC_C_LANGUAGE_STANDARD = gnu99;
				GCC_DYNAMIC_NO_PIC = NO;
				GCC_NO_COMMON_BLOCKS = YES;
				GCC_OPTIMIZATION_LEVEL = 0;
				GCC_PREPROCESSOR_DEFINITIONS = (
					"DEBUG=1",
					"$(inherited)",
				);
				GCC_WARN_64_TO_32_BIT_CONVERSION = YES;
				GCC_WARN_ABOUT_RETURN_TYPE = YES_ERROR;
				GCC_WARN_UNDECLARED_SELECTOR = YES;
				GCC_WARN_UNINITIALIZED_AUTOS = YES_AGGRESSIVE;
				GCC_WARN_UNUSED_FUNCTION = YES;
				GCC_WARN_UNUSED_VARIABLE = YES;
				IPHONEOS_DEPLOYMENT_TARGET = 9.3;
				MTL_ENABLE_DEBUG_INFO = YES;
				ONLY_ACTIVE_ARCH = YES;
				SDKROOT = iphoneos;
				SWIFT_OPTIMIZATION_LEVEL = "-Onone";
				TARGETED_DEVICE_FAMILY = "1,2";
			};
			name = Debug;
		};
		ADFF572B1CEFBD9A00DE6B7E /* Release */ = {
			isa = XCBuildConfiguration;
			buildSettings = {
				ALWAYS_SEARCH_USER_PATHS = NO;
				CLANG_ANALYZER_NONNULL = YES;
				CLANG_CXX_LANGUAGE_STANDARD = "gnu++0x";
				CLANG_CXX_LIBRARY = "libc++";
				CLANG_ENABLE_CODE_COVERAGE = YES;
				CLANG_ENABLE_MODULES = YES;
				CLANG_ENABLE_OBJC_ARC = YES;
				CLANG_WARN_BOOL_CONVERSION = YES;
				CLANG_WARN_CONSTANT_CONVERSION = YES;
				CLANG_WARN_DIRECT_OBJC_ISA_USAGE = YES_ERROR;
				CLANG_WARN_EMPTY_BODY = YES;
				CLANG_WARN_ENUM_CONVERSION = YES;
				CLANG_WARN_INT_CONVERSION = YES;
				CLANG_WARN_OBJC_ROOT_CLASS = YES_ERROR;
				CLANG_WARN_UNREACHABLE_CODE = YES;
				CLANG_WARN__DUPLICATE_METHOD_MATCH = YES;
				"CODE_SIGN_IDENTITY[sdk=iphoneos*]" = "iPhone Developer";
				COPY_PHASE_STRIP = NO;
				DEBUG_INFORMATION_FORMAT = "dwarf-with-dsym";
				ENABLE_NS_ASSERTIONS = NO;
				ENABLE_STRICT_OBJC_MSGSEND = YES;
				GCC_C_LANGUAGE_STANDARD = gnu99;
				GCC_NO_COMMON_BLOCKS = YES;
				GCC_WARN_64_TO_32_BIT_CONVERSION = YES;
				GCC_WARN_ABOUT_RETURN_TYPE = YES_ERROR;
				GCC_WARN_UNDECLARED_SELECTOR = YES;
				GCC_WARN_UNINITIALIZED_AUTOS = YES_AGGRESSIVE;
				GCC_WARN_UNUSED_FUNCTION = YES;
				GCC_WARN_UNUSED_VARIABLE = YES;
				IPHONEOS_DEPLOYMENT_TARGET = 9.3;
				MTL_ENABLE_DEBUG_INFO = NO;
				SDKROOT = iphoneos;
				TARGETED_DEVICE_FAMILY = "1,2";
				VALIDATE_PRODUCT = YES;
			};
			name = Release;
		};
		ADFF572D1CEFBD9A00DE6B7E /* Debug */ = {
			isa = XCBuildConfiguration;
			baseConfigurationReference = 64E4237791408F948BC611FB /* Pods-Fiery.debug.xcconfig */;
			buildSettings = {
				ASSETCATALOG_COMPILER_APPICON_NAME = AppIcon;
				CODE_SIGN_IDENTITY = "iPhone Developer";
				INFOPLIST_FILE = Fiery/Info.plist;
				LD_RUNPATH_SEARCH_PATHS = "$(inherited) @executable_path/Frameworks";
				PRODUCT_BUNDLE_IDENTIFIER = app.ragnar.Fiery;
				PRODUCT_NAME = "$(TARGET_NAME)";
				TARGETED_DEVICE_FAMILY = 1;
			};
			name = Debug;
		};
		ADFF572E1CEFBD9A00DE6B7E /* Release */ = {
			isa = XCBuildConfiguration;
			baseConfigurationReference = 66DCB763D644EF97C340FC4D /* Pods-Fiery.release.xcconfig */;
			buildSettings = {
				ASSETCATALOG_COMPILER_APPICON_NAME = AppIcon;
				CODE_SIGN_IDENTITY = "iPhone Developer";
				INFOPLIST_FILE = Fiery/Info.plist;
				LD_RUNPATH_SEARCH_PATHS = "$(inherited) @executable_path/Frameworks";
				PRODUCT_BUNDLE_IDENTIFIER = app.ragnar.Fiery;
				PRODUCT_NAME = "$(TARGET_NAME)";
				TARGETED_DEVICE_FAMILY = 1;
			};
			name = Release;
		};
		ADFF57301CEFBD9A00DE6B7E /* Debug */ = {
			isa = XCBuildConfiguration;
			baseConfigurationReference = 70E75B42F9E36FB500C20AA6 /* Pods-FieryTests.debug.xcconfig */;
			buildSettings = {
				BUNDLE_LOADER = "$(TEST_HOST)";
				INFOPLIST_FILE = FieryTests/Info.plist;
				LD_RUNPATH_SEARCH_PATHS = "$(inherited) @executable_path/Frameworks @loader_path/Frameworks";
				PRODUCT_BUNDLE_IDENTIFIER = app.ragnar.FieryTests;
				PRODUCT_NAME = "$(TARGET_NAME)";
				TEST_HOST = "$(BUILT_PRODUCTS_DIR)/Fiery.app/Fiery";
			};
			name = Debug;
		};
		ADFF57311CEFBD9A00DE6B7E /* Release */ = {
			isa = XCBuildConfiguration;
			baseConfigurationReference = 5E1B6D54EC8CB5AA9283AF16 /* Pods-FieryTests.release.xcconfig */;
			buildSettings = {
				BUNDLE_LOADER = "$(TEST_HOST)";
				INFOPLIST_FILE = FieryTests/Info.plist;
				LD_RUNPATH_SEARCH_PATHS = "$(inherited) @executable_path/Frameworks @loader_path/Frameworks";
				PRODUCT_BUNDLE_IDENTIFIER = app.ragnar.FieryTests;
				PRODUCT_NAME = "$(TARGET_NAME)";
				TEST_HOST = "$(BUILT_PRODUCTS_DIR)/Fiery.app/Fiery";
			};
			name = Release;
		};
		ADFF57331CEFBD9A00DE6B7E /* Debug */ = {
			isa = XCBuildConfiguration;
			baseConfigurationReference = 863F155C48B99961C822C380 /* Pods-FieryUITests.debug.xcconfig */;
			buildSettings = {
				INFOPLIST_FILE = FieryUITests/Info.plist;
				LD_RUNPATH_SEARCH_PATHS = "$(inherited) @executable_path/Frameworks @loader_path/Frameworks";
				PRODUCT_BUNDLE_IDENTIFIER = app.ragnar.FieryUITests;
				PRODUCT_NAME = "$(TARGET_NAME)";
				TEST_TARGET_NAME = Fiery;
			};
			name = Debug;
		};
		ADFF57341CEFBD9A00DE6B7E /* Release */ = {
			isa = XCBuildConfiguration;
			baseConfigurationReference = DB9C00E1026821BF7E808724 /* Pods-FieryUITests.release.xcconfig */;
			buildSettings = {
				INFOPLIST_FILE = FieryUITests/Info.plist;
				LD_RUNPATH_SEARCH_PATHS = "$(inherited) @executable_path/Frameworks @loader_path/Frameworks";
				PRODUCT_BUNDLE_IDENTIFIER = app.ragnar.FieryUITests;
				PRODUCT_NAME = "$(TARGET_NAME)";
				TEST_TARGET_NAME = Fiery;
			};
			name = Release;
		};
/* End XCBuildConfiguration section */

/* Begin XCConfigurationList section */
		ADFF56FF1CEFBD9A00DE6B7E /* Build configuration list for PBXProject "Fiery" */ = {
			isa = XCConfigurationList;
			buildConfigurations = (
				ADFF572A1CEFBD9A00DE6B7E /* Debug */,
				ADFF572B1CEFBD9A00DE6B7E /* Release */,
			);
			defaultConfigurationIsVisible = 0;
			defaultConfigurationName = Release;
		};
		ADFF572C1CEFBD9A00DE6B7E /* Build configuration list for PBXNativeTarget "Fiery" */ = {
			isa = XCConfigurationList;
			buildConfigurations = (
				ADFF572D1CEFBD9A00DE6B7E /* Debug */,
				ADFF572E1CEFBD9A00DE6B7E /* Release */,
			);
			defaultConfigurationIsVisible = 0;
			defaultConfigurationName = Release;
		};
		ADFF572F1CEFBD9A00DE6B7E /* Build configuration list for PBXNativeTarget "FieryTests" */ = {
			isa = XCConfigurationList;
			buildConfigurations = (
				ADFF57301CEFBD9A00DE6B7E /* Debug */,
				ADFF57311CEFBD9A00DE6B7E /* Release */,
			);
			defaultConfigurationIsVisible = 0;
			defaultConfigurationName = Release;
		};
		ADFF57321CEFBD9A00DE6B7E /* Build configuration list for PBXNativeTarget "FieryUITests" */ = {
			isa = XCConfigurationList;
			buildConfigurations = (
				ADFF57331CEFBD9A00DE6B7E /* Debug */,
				ADFF57341CEFBD9A00DE6B7E /* Release */,
			);
			defaultConfigurationIsVisible = 0;
			defaultConfigurationName = Release;
		};
/* End XCConfigurationList section */
	};
	rootObject = ADFF56FC1CEFBD9A00DE6B7E /* Project object */;
}
