<?xml version="1.0" encoding="UTF-8"?>
<!DOCTYPE plist PUBLIC "-//Apple//DTD PLIST 1.0//EN" "http://www.apple.com/DTDs/PropertyList-1.0.dtd">
<plist version="1.0">
<dict>
	<key>archiveVersion</key>
	<string>1</string>
	<key>classes</key>
	<dict/>
	<key>objectVersion</key>
	<string>46</string>
	<key>objects</key>
	<dict>
		<key>0869B046689CD9ABC2581CA6</key>
		<dict>
			<key>buildActionMask</key>
			<string>2147483647</string>
			<key>files</key>
			<array/>
			<key>inputPaths</key>
			<array/>
			<key>isa</key>
			<string>PBXShellScriptBuildPhase</string>
			<key>name</key>
			<string>Check Pods Manifest.lock</string>
			<key>outputPaths</key>
			<array/>
			<key>runOnlyForDeploymentPostprocessing</key>
			<string>0</string>
			<key>shellPath</key>
			<string>/bin/sh</string>
			<key>shellScript</key>
			<string>diff "${PODS_ROOT}/../Podfile.lock" "${PODS_ROOT}/Manifest.lock" &gt; /dev/null
if [[ $? != 0 ]] ; then
    cat &lt;&lt; EOM
error: The sandbox is not in sync with the Podfile.lock. Run 'pod install' or update your CocoaPods installation.
EOM
    exit 1
fi
</string>
			<key>showEnvVarsInLog</key>
			<string>0</string>
		</dict>
		<key>0F5F8BB9E3BA347262A629D2</key>
		<dict>
			<key>children</key>
			<array>
				<string>AD247B441CF0EFA900CFAA16</string>
				<string>9DA6C8B97DF8AD1A38A92FCA</string>
				<string>CBA4B70E4D3DF4C0E66756A1</string>
				<string>A9149ED782698CFA584F6730</string>
			</array>
			<key>isa</key>
			<string>PBXGroup</string>
			<key>name</key>
			<string>Frameworks</string>
			<key>sourceTree</key>
			<string>&lt;group&gt;</string>
		</dict>
		<key>2651BB1A5835C6E210DC2891</key>
		<dict>
			<key>fileRef</key>
			<string>A9149ED782698CFA584F6730</string>
			<key>isa</key>
			<string>PBXBuildFile</string>
		</dict>
		<key>3F49D596E41DF120CF3AF88B</key>
		<dict>
			<key>buildActionMask</key>
			<string>2147483647</string>
			<key>files</key>
			<array/>
			<key>inputPaths</key>
			<array/>
			<key>isa</key>
			<string>PBXShellScriptBuildPhase</string>
			<key>name</key>
			<string>Embed Pods Frameworks</string>
			<key>outputPaths</key>
			<array/>
			<key>runOnlyForDeploymentPostprocessing</key>
			<string>0</string>
			<key>shellPath</key>
			<string>/bin/sh</string>
			<key>shellScript</key>
			<string>"${SRCROOT}/Pods/Target Support Files/Pods-Fiery/Pods-Fiery-frameworks.sh"
</string>
			<key>showEnvVarsInLog</key>
			<string>0</string>
		</dict>
		<key>4E56E0F9DC7D411D0025BD2F</key>
		<dict>
			<key>buildActionMask</key>
			<string>2147483647</string>
			<key>files</key>
			<array/>
			<key>inputPaths</key>
			<array/>
			<key>isa</key>
			<string>PBXShellScriptBuildPhase</string>
			<key>name</key>
			<string>Check Pods Manifest.lock</string>
			<key>outputPaths</key>
			<array/>
			<key>runOnlyForDeploymentPostprocessing</key>
			<string>0</string>
			<key>shellPath</key>
			<string>/bin/sh</string>
			<key>shellScript</key>
			<string>diff "${PODS_ROOT}/../Podfile.lock" "${PODS_ROOT}/Manifest.lock" &gt; /dev/null
if [[ $? != 0 ]] ; then
    cat &lt;&lt; EOM
error: The sandbox is not in sync with the Podfile.lock. Run 'pod install' or update your CocoaPods installation.
EOM
    exit 1
fi
</string>
			<key>showEnvVarsInLog</key>
			<string>0</string>
		</dict>
		<key>5E1B6D54EC8CB5AA9283AF16</key>
		<dict>
			<key>includeInIndex</key>
			<string>1</string>
			<key>isa</key>
			<string>PBXFileReference</string>
			<key>lastKnownFileType</key>
			<string>text.xcconfig</string>
			<key>name</key>
			<string>Pods-FieryTests.release.xcconfig</string>
			<key>path</key>
			<string>Pods/Target Support Files/Pods-FieryTests/Pods-FieryTests.release.xcconfig</string>
			<key>sourceTree</key>
			<string>&lt;group&gt;</string>
		</dict>
		<key>64E4237791408F948BC611FB</key>
		<dict>
			<key>includeInIndex</key>
			<string>1</string>
			<key>isa</key>
			<string>PBXFileReference</string>
			<key>lastKnownFileType</key>
			<string>text.xcconfig</string>
			<key>name</key>
			<string>Pods-Fiery.debug.xcconfig</string>
			<key>path</key>
			<string>Pods/Target Support Files/Pods-Fiery/Pods-Fiery.debug.xcconfig</string>
			<key>sourceTree</key>
			<string>&lt;group&gt;</string>
		</dict>
		<key>66DCB763D644EF97C340FC4D</key>
		<dict>
			<key>includeInIndex</key>
			<string>1</string>
			<key>isa</key>
			<string>PBXFileReference</string>
			<key>lastKnownFileType</key>
			<string>text.xcconfig</string>
			<key>name</key>
			<string>Pods-Fiery.release.xcconfig</string>
			<key>path</key>
			<string>Pods/Target Support Files/Pods-Fiery/Pods-Fiery.release.xcconfig</string>
			<key>sourceTree</key>
			<string>&lt;group&gt;</string>
		</dict>
		<key>676A9F136457BFEBD202CB25</key>
		<dict>
			<key>fileRef</key>
			<string>9DA6C8B97DF8AD1A38A92FCA</string>
			<key>isa</key>
			<string>PBXBuildFile</string>
		</dict>
		<key>6B94B2BAF6BE41B63198EE1F</key>
		<dict>
			<key>buildActionMask</key>
			<string>2147483647</string>
			<key>files</key>
			<array/>
			<key>inputPaths</key>
			<array/>
			<key>isa</key>
			<string>PBXShellScriptBuildPhase</string>
			<key>name</key>
			<string>Check Pods Manifest.lock</string>
			<key>outputPaths</key>
			<array/>
			<key>runOnlyForDeploymentPostprocessing</key>
			<string>0</string>
			<key>shellPath</key>
			<string>/bin/sh</string>
			<key>shellScript</key>
			<string>diff "${PODS_ROOT}/../Podfile.lock" "${PODS_ROOT}/Manifest.lock" &gt; /dev/null
if [[ $? != 0 ]] ; then
    cat &lt;&lt; EOM
error: The sandbox is not in sync with the Podfile.lock. Run 'pod install' or update your CocoaPods installation.
EOM
    exit 1
fi
</string>
			<key>showEnvVarsInLog</key>
			<string>0</string>
		</dict>
		<key>70E75B42F9E36FB500C20AA6</key>
		<dict>
			<key>includeInIndex</key>
			<string>1</string>
			<key>isa</key>
			<string>PBXFileReference</string>
			<key>lastKnownFileType</key>
			<string>text.xcconfig</string>
			<key>name</key>
			<string>Pods-FieryTests.debug.xcconfig</string>
			<key>path</key>
			<string>Pods/Target Support Files/Pods-FieryTests/Pods-FieryTests.debug.xcconfig</string>
			<key>sourceTree</key>
			<string>&lt;group&gt;</string>
		</dict>
		<key>7DD928BB3D9920C5A2004195</key>
		<dict>
			<key>buildActionMask</key>
			<string>2147483647</string>
			<key>files</key>
			<array/>
			<key>inputPaths</key>
			<array/>
			<key>isa</key>
			<string>PBXShellScriptBuildPhase</string>
			<key>name</key>
			<string>Copy Pods Resources</string>
			<key>outputPaths</key>
			<array/>
			<key>runOnlyForDeploymentPostprocessing</key>
			<string>0</string>
			<key>shellPath</key>
			<string>/bin/sh</string>
			<key>shellScript</key>
			<string>"${SRCROOT}/Pods/Target Support Files/Pods-FieryTests/Pods-FieryTests-resources.sh"
</string>
			<key>showEnvVarsInLog</key>
			<string>0</string>
		</dict>
		<key>7FBC95027FEBB145C26C41C6</key>
		<dict>
			<key>buildActionMask</key>
			<string>2147483647</string>
			<key>files</key>
			<array/>
			<key>inputPaths</key>
			<array/>
			<key>isa</key>
			<string>PBXShellScriptBuildPhase</string>
			<key>name</key>
			<string>Embed Pods Frameworks</string>
			<key>outputPaths</key>
			<array/>
			<key>runOnlyForDeploymentPostprocessing</key>
			<string>0</string>
			<key>shellPath</key>
			<string>/bin/sh</string>
			<key>shellScript</key>
			<string>"${SRCROOT}/Pods/Target Support Files/Pods-FieryTests/Pods-FieryTests-frameworks.sh"
</string>
			<key>showEnvVarsInLog</key>
			<string>0</string>
		</dict>
		<key>863F155C48B99961C822C380</key>
		<dict>
			<key>includeInIndex</key>
			<string>1</string>
			<key>isa</key>
			<string>PBXFileReference</string>
			<key>lastKnownFileType</key>
			<string>text.xcconfig</string>
			<key>name</key>
			<string>Pods-FieryUITests.debug.xcconfig</string>
			<key>path</key>
			<string>Pods/Target Support Files/Pods-FieryUITests/Pods-FieryUITests.debug.xcconfig</string>
			<key>sourceTree</key>
			<string>&lt;group&gt;</string>
		</dict>
		<key>95EB4A5895425F0078E1D5E8</key>
		<dict>
			<key>children</key>
			<array>
				<string>64E4237791408F948BC611FB</string>
				<string>66DCB763D644EF97C340FC4D</string>
				<string>70E75B42F9E36FB500C20AA6</string>
				<string>5E1B6D54EC8CB5AA9283AF16</string>
				<string>863F155C48B99961C822C380</string>
				<string>DB9C00E1026821BF7E808724</string>
			</array>
			<key>isa</key>
			<string>PBXGroup</string>
			<key>name</key>
			<string>Pods</string>
			<key>sourceTree</key>
			<string>&lt;group&gt;</string>
		</dict>
		<key>9DA6C8B97DF8AD1A38A92FCA</key>
		<dict>
			<key>explicitFileType</key>
			<string>wrapper.framework</string>
			<key>includeInIndex</key>
			<string>0</string>
			<key>isa</key>
			<string>PBXFileReference</string>
			<key>path</key>
			<string>Pods_Fiery.framework</string>
			<key>sourceTree</key>
			<string>BUILT_PRODUCTS_DIR</string>
		</dict>
		<key>A9149ED782698CFA584F6730</key>
		<dict>
			<key>explicitFileType</key>
			<string>wrapper.framework</string>
			<key>includeInIndex</key>
			<string>0</string>
			<key>isa</key>
			<string>PBXFileReference</string>
			<key>path</key>
			<string>Pods_FieryUITests.framework</string>
			<key>sourceTree</key>
			<string>BUILT_PRODUCTS_DIR</string>
		</dict>
		<key>AD247B2B1CF0BBAB00CFAA16</key>
		<dict>
			<key>fileEncoding</key>
			<string>4</string>
			<key>isa</key>
			<string>PBXFileReference</string>
			<key>lastKnownFileType</key>
			<string>sourcecode.swift</string>
			<key>path</key>
			<string>LoginViewController.swift</string>
			<key>sourceTree</key>
			<string>&lt;group&gt;</string>
		</dict>
		<key>AD247B2C1CF0BBAB00CFAA16</key>
		<dict>
			<key>fileRef</key>
			<string>AD247B2B1CF0BBAB00CFAA16</string>
			<key>isa</key>
			<string>PBXBuildFile</string>
		</dict>
		<key>AD247B2D1CF0BBB200CFAA16</key>
		<dict>
			<key>fileEncoding</key>
			<string>4</string>
			<key>isa</key>
			<string>PBXFileReference</string>
			<key>lastKnownFileType</key>
			<string>sourcecode.swift</string>
			<key>path</key>
			<string>RegistrationViewController.swift</string>
			<key>sourceTree</key>
			<string>&lt;group&gt;</string>
		</dict>
		<key>AD247B2E1CF0BBB200CFAA16</key>
		<dict>
			<key>fileRef</key>
			<string>AD247B2D1CF0BBB200CFAA16</string>
			<key>isa</key>
			<string>PBXBuildFile</string>
		</dict>
		<key>AD247B2F1CF0C4AC00CFAA16</key>
		<dict>
			<key>fileEncoding</key>
			<string>4</string>
			<key>isa</key>
			<string>PBXFileReference</string>
			<key>lastKnownFileType</key>
			<string>sourcecode.swift</string>
			<key>path</key>
			<string>User.swift</string>
			<key>sourceTree</key>
			<string>&lt;group&gt;</string>
		</dict>
		<key>AD247B301CF0C4AC00CFAA16</key>
		<dict>
			<key>fileRef</key>
			<string>AD247B2F1CF0C4AC00CFAA16</string>
			<key>isa</key>
			<string>PBXBuildFile</string>
		</dict>
		<key>AD247B311CF0C57A00CFAA16</key>
		<dict>
			<key>fileEncoding</key>
			<string>4</string>
			<key>isa</key>
			<string>PBXFileReference</string>
			<key>lastKnownFileType</key>
			<string>sourcecode.swift</string>
			<key>path</key>
			<string>FSOReferenceObserver.swift</string>
			<key>sourceTree</key>
			<string>&lt;group&gt;</string>
		</dict>
		<key>AD247B321CF0C57A00CFAA16</key>
		<dict>
			<key>fileEncoding</key>
			<string>4</string>
			<key>isa</key>
			<string>PBXFileReference</string>
			<key>lastKnownFileType</key>
			<string>sourcecode.swift</string>
			<key>path</key>
			<string>FSOSnapshot.swift</string>
			<key>sourceTree</key>
			<string>&lt;group&gt;</string>
		</dict>
		<key>AD247B331CF0C57A00CFAA16</key>
		<dict>
			<key>fileRef</key>
			<string>AD247B311CF0C57A00CFAA16</string>
			<key>isa</key>
			<string>PBXBuildFile</string>
		</dict>
		<key>AD247B341CF0C57A00CFAA16</key>
		<dict>
			<key>fileRef</key>
			<string>AD247B321CF0C57A00CFAA16</string>
			<key>isa</key>
			<string>PBXBuildFile</string>
		</dict>
		<key>AD247B351CF0C7E500CFAA16</key>
		<dict>
			<key>children</key>
			<array>
				<string>AD247B311CF0C57A00CFAA16</string>
				<string>AD247B321CF0C57A00CFAA16</string>
			</array>
			<key>isa</key>
			<string>PBXGroup</string>
			<key>name</key>
			<string>Firebase Swift Observer</string>
			<key>sourceTree</key>
			<string>&lt;group&gt;</string>
		</dict>
		<key>AD247B361CF0C7F100CFAA16</key>
		<dict>
			<key>children</key>
			<array>
				<string>AD247B2F1CF0C4AC00CFAA16</string>
				<string>AD247B481CF1103800CFAA16</string>
				<string>AD5E4FE31CF219A80084ADF0</string>
			</array>
			<key>isa</key>
			<string>PBXGroup</string>
			<key>name</key>
			<string>Objects</string>
			<key>sourceTree</key>
			<string>&lt;group&gt;</string>
		</dict>
		<key>AD247B371CF0C80800CFAA16</key>
		<dict>
			<key>children</key>
			<array>
				<string>ADFF57371CEFC4D000DE6B7E</string>
				<string>AD247B401CF0E7D300CFAA16</string>
				<string>AD247B461CF1011900CFAA16</string>
				<string>AD5E4FE71CF21DB20084ADF0</string>
			</array>
			<key>isa</key>
			<string>PBXGroup</string>
			<key>name</key>
			<string>Managers</string>
			<key>sourceTree</key>
			<string>&lt;group&gt;</string>
		</dict>
		<key>AD247B381CF0C81100CFAA16</key>
		<dict>
			<key>children</key>
			<array>
				<string>ADFF57071CEFBD9A00DE6B7E</string>
				<string>ADFF57091CEFBD9A00DE6B7E</string>
				<string>AD247B3E1CF0D68800CFAA16</string>
			</array>
			<key>isa</key>
			<string>PBXGroup</string>
			<key>name</key>
			<string>Core</string>
			<key>sourceTree</key>
			<string>&lt;group&gt;</string>
		</dict>
		<key>AD247B391CF0C81700CFAA16</key>
		<dict>
			<key>children</key>
			<array>
				<string>ADFF573B1CEFD03D00DE6B7E</string>
				<string>AD247B2B1CF0BBAB00CFAA16</string>
				<string>AD247B2D1CF0BBB200CFAA16</string>
			</array>
			<key>isa</key>
			<string>PBXGroup</string>
			<key>name</key>
			<string>Auth</string>
			<key>sourceTree</key>
			<string>&lt;group&gt;</string>
		</dict>
		<key>AD247B3A1CF0C81D00CFAA16</key>
		<dict>
			<key>children</key>
			<array>
				<string>ADFF573D1CEFD04600DE6B7E</string>
				<string>ADBAF8DF1CF25EF3002C4A1D</string>
				<string>AD247B4C1CF14D9E00CFAA16</string>
			</array>
			<key>isa</key>
			<string>PBXGroup</string>
			<key>name</key>
			<string>Connections</string>
			<key>sourceTree</key>
			<string>&lt;group&gt;</string>
		</dict>
		<key>AD247B3B1CF0C83E00CFAA16</key>
		<dict>
			<key>children</key>
			<array>
				<string>ADFF570B1CEFBD9A00DE6B7E</string>
				<string>ADFF570E1CEFBD9A00DE6B7E</string>
				<string>ADFF57101CEFBD9A00DE6B7E</string>
				<string>ADFF57131CEFBD9A00DE6B7E</string>
				<string>ADFF57351CEFC0F100DE6B7E</string>
			</array>
			<key>isa</key>
			<string>PBXGroup</string>
			<key>name</key>
			<string>Support</string>
			<key>sourceTree</key>
			<string>&lt;group&gt;</string>
		</dict>
		<key>AD247B3E1CF0D68800CFAA16</key>
		<dict>
			<key>fileEncoding</key>
			<string>4</string>
			<key>isa</key>
			<string>PBXFileReference</string>
			<key>lastKnownFileType</key>
			<string>sourcecode.swift</string>
			<key>path</key>
			<string>RootDataManager.swift</string>
			<key>sourceTree</key>
			<string>&lt;group&gt;</string>
		</dict>
		<key>AD247B3F1CF0D68800CFAA16</key>
		<dict>
			<key>fileRef</key>
			<string>AD247B3E1CF0D68800CFAA16</string>
			<key>isa</key>
			<string>PBXBuildFile</string>
		</dict>
		<key>AD247B401CF0E7D300CFAA16</key>
		<dict>
			<key>fileEncoding</key>
			<string>4</string>
			<key>isa</key>
			<string>PBXFileReference</string>
			<key>lastKnownFileType</key>
			<string>sourcecode.swift</string>
			<key>path</key>
			<string>FirebaseStorageManager.swift</string>
			<key>sourceTree</key>
			<string>&lt;group&gt;</string>
		</dict>
		<key>AD247B411CF0E7D300CFAA16</key>
		<dict>
			<key>fileRef</key>
			<string>AD247B401CF0E7D300CFAA16</string>
			<key>isa</key>
			<string>PBXBuildFile</string>
		</dict>
		<key>AD247B441CF0EFA900CFAA16</key>
		<dict>
			<key>isa</key>
			<string>PBXFileReference</string>
			<key>lastKnownFileType</key>
			<string>wrapper.framework</string>
			<key>name</key>
			<string>MobileCoreServices.framework</string>
			<key>path</key>
			<string>System/Library/Frameworks/MobileCoreServices.framework</string>
			<key>sourceTree</key>
			<string>SDKROOT</string>
		</dict>
		<key>AD247B451CF0EFA900CFAA16</key>
		<dict>
			<key>fileRef</key>
			<string>AD247B441CF0EFA900CFAA16</string>
			<key>isa</key>
			<string>PBXBuildFile</string>
		</dict>
		<key>AD247B461CF1011900CFAA16</key>
		<dict>
			<key>fileEncoding</key>
			<string>4</string>
			<key>isa</key>
			<string>PBXFileReference</string>
			<key>lastKnownFileType</key>
			<string>sourcecode.swift</string>
			<key>path</key>
			<string>ConnectionsManager.swift</string>
			<key>sourceTree</key>
			<string>&lt;group&gt;</string>
		</dict>
		<key>AD247B471CF1011900CFAA16</key>
		<dict>
			<key>fileRef</key>
			<string>AD247B461CF1011900CFAA16</string>
			<key>isa</key>
			<string>PBXBuildFile</string>
		</dict>
		<key>AD247B481CF1103800CFAA16</key>
		<dict>
			<key>fileEncoding</key>
			<string>4</string>
			<key>isa</key>
			<string>PBXFileReference</string>
			<key>lastKnownFileType</key>
			<string>sourcecode.swift</string>
			<key>path</key>
			<string>Connection.swift</string>
			<key>sourceTree</key>
			<string>&lt;group&gt;</string>
		</dict>
		<key>AD247B491CF1103800CFAA16</key>
		<dict>
			<key>fileRef</key>
			<string>AD247B481CF1103800CFAA16</string>
			<key>isa</key>
			<string>PBXBuildFile</string>
		</dict>
		<key>AD247B4C1CF14D9E00CFAA16</key>
		<dict>
			<key>fileEncoding</key>
			<string>4</string>
			<key>isa</key>
			<string>PBXFileReference</string>
			<key>lastKnownFileType</key>
			<string>sourcecode.swift</string>
			<key>path</key>
			<string>UserSearchViewController.swift</string>
			<key>sourceTree</key>
			<string>&lt;group&gt;</string>
		</dict>
		<key>AD247B4D1CF14D9E00CFAA16</key>
		<dict>
			<key>fileRef</key>
			<string>AD247B4C1CF14D9E00CFAA16</string>
			<key>isa</key>
			<string>PBXBuildFile</string>
		</dict>
		<key>AD5E4FE31CF219A80084ADF0</key>
		<dict>
			<key>fileEncoding</key>
			<string>4</string>
			<key>isa</key>
			<string>PBXFileReference</string>
			<key>lastKnownFileType</key>
			<string>sourcecode.swift</string>
			<key>path</key>
			<string>Message.swift</string>
			<key>sourceTree</key>
			<string>&lt;group&gt;</string>
		</dict>
		<key>AD5E4FE41CF219A80084ADF0</key>
		<dict>
			<key>fileRef</key>
			<string>AD5E4FE31CF219A80084ADF0</string>
			<key>isa</key>
			<string>PBXBuildFile</string>
		</dict>
		<key>AD5E4FE51CF21CB20084ADF0</key>
		<dict>
			<key>fileEncoding</key>
			<string>4</string>
			<key>isa</key>
			<string>PBXFileReference</string>
			<key>lastKnownFileType</key>
			<string>sourcecode.swift</string>
			<key>path</key>
			<string>ChatViewController.swift</string>
			<key>sourceTree</key>
			<string>&lt;group&gt;</string>
		</dict>
		<key>AD5E4FE61CF21CB20084ADF0</key>
		<dict>
			<key>fileRef</key>
			<string>AD5E4FE51CF21CB20084ADF0</string>
			<key>isa</key>
			<string>PBXBuildFile</string>
		</dict>
		<key>AD5E4FE71CF21DB20084ADF0</key>
		<dict>
			<key>fileEncoding</key>
			<string>4</string>
			<key>isa</key>
			<string>PBXFileReference</string>
			<key>lastKnownFileType</key>
			<string>sourcecode.swift</string>
			<key>path</key>
			<string>ConversationManager.swift</string>
			<key>sourceTree</key>
			<string>&lt;group&gt;</string>
		</dict>
		<key>AD5E4FE81CF21DB20084ADF0</key>
		<dict>
			<key>fileRef</key>
			<string>AD5E4FE71CF21DB20084ADF0</string>
			<key>isa</key>
			<string>PBXBuildFile</string>
		</dict>
		<key>AD5E4FE91CF21DE90084ADF0</key>
		<dict>
			<key>children</key>
			<array>
				<string>AD5E4FE51CF21CB20084ADF0</string>
			</array>
			<key>isa</key>
			<string>PBXGroup</string>
			<key>name</key>
			<string>Chat</string>
			<key>sourceTree</key>
			<string>&lt;group&gt;</string>
		</dict>
		<key>AD674FD107E116EDD90F393C</key>
		<dict>
			<key>buildActionMask</key>
			<string>2147483647</string>
			<key>files</key>
			<array/>
			<key>inputPaths</key>
			<array/>
			<key>isa</key>
			<string>PBXShellScriptBuildPhase</string>
			<key>name</key>
			<string>Copy Pods Resources</string>
			<key>outputPaths</key>
			<array/>
			<key>runOnlyForDeploymentPostprocessing</key>
			<string>0</string>
			<key>shellPath</key>
			<string>/bin/sh</string>
			<key>shellScript</key>
			<string>"${SRCROOT}/Pods/Target Support Files/Pods-FieryUITests/Pods-FieryUITests-resources.sh"
</string>
			<key>showEnvVarsInLog</key>
			<string>0</string>
		</dict>
		<key>ADBAF8DF1CF25EF3002C4A1D</key>
		<dict>
			<key>fileEncoding</key>
			<string>4</string>
			<key>isa</key>
			<string>PBXFileReference</string>
			<key>lastKnownFileType</key>
			<string>sourcecode.swift</string>
			<key>path</key>
			<string>ConnectionTableViewCell.swift</string>
			<key>sourceTree</key>
			<string>&lt;group&gt;</string>
		</dict>
		<key>ADBAF8E01CF25EF3002C4A1D</key>
		<dict>
			<key>fileRef</key>
			<string>ADBAF8DF1CF25EF3002C4A1D</string>
			<key>isa</key>
			<string>PBXBuildFile</string>
		</dict>
		<key>ADFF56FB1CEFBD9A00DE6B7E</key>
		<dict>
			<key>children</key>
			<array>
				<string>ADFF57061CEFBD9A00DE6B7E</string>
				<string>ADFF571B1CEFBD9A00DE6B7E</string>
				<string>ADFF57261CEFBD9A00DE6B7E</string>
				<string>ADFF57051CEFBD9A00DE6B7E</string>
				<string>95EB4A5895425F0078E1D5E8</string>
				<string>0F5F8BB9E3BA347262A629D2</string>
			</array>
			<key>isa</key>
			<string>PBXGroup</string>
			<key>sourceTree</key>
			<string>&lt;group&gt;</string>
		</dict>
		<key>ADFF56FC1CEFBD9A00DE6B7E</key>
		<dict>
			<key>attributes</key>
			<dict>
				<key>LastSwiftUpdateCheck</key>
				<string>0730</string>
				<key>LastUpgradeCheck</key>
				<string>0730</string>
				<key>ORGANIZATIONNAME</key>
				<string>Ragnar Development</string>
				<key>TargetAttributes</key>
				<dict>
					<key>ADFF57031CEFBD9A00DE6B7E</key>
					<dict>
						<key>CreatedOnToolsVersion</key>
						<string>7.3</string>
						<key>DevelopmentTeam</key>
						<string>W375UQHBF4</string>
					</dict>
					<key>ADFF57171CEFBD9A00DE6B7E</key>
					<dict>
						<key>CreatedOnToolsVersion</key>
						<string>7.3</string>
						<key>TestTargetID</key>
						<string>ADFF57031CEFBD9A00DE6B7E</string>
					</dict>
					<key>ADFF57221CEFBD9A00DE6B7E</key>
					<dict>
						<key>CreatedOnToolsVersion</key>
						<string>7.3</string>
						<key>TestTargetID</key>
						<string>ADFF57031CEFBD9A00DE6B7E</string>
					</dict>
				</dict>
			</dict>
			<key>buildConfigurationList</key>
			<string>ADFF56FF1CEFBD9A00DE6B7E</string>
			<key>compatibilityVersion</key>
			<string>Xcode 3.2</string>
			<key>developmentRegion</key>
			<string>English</string>
			<key>hasScannedForEncodings</key>
			<string>0</string>
			<key>isa</key>
			<string>PBXProject</string>
			<key>knownRegions</key>
			<array>
				<string>en</string>
				<string>Base</string>
			</array>
			<key>mainGroup</key>
			<string>ADFF56FB1CEFBD9A00DE6B7E</string>
			<key>productRefGroup</key>
			<string>ADFF57051CEFBD9A00DE6B7E</string>
			<key>projectDirPath</key>
			<string></string>
			<key>projectReferences</key>
			<array/>
			<key>projectRoot</key>
			<string></string>
			<key>targets</key>
			<array>
				<string>ADFF57031CEFBD9A00DE6B7E</string>
				<string>ADFF57171CEFBD9A00DE6B7E</string>
				<string>ADFF57221CEFBD9A00DE6B7E</string>
			</array>
		</dict>
		<key>ADFF56FF1CEFBD9A00DE6B7E</key>
		<dict>
			<key>buildConfigurations</key>
			<array>
				<string>ADFF572A1CEFBD9A00DE6B7E</string>
				<string>ADFF572B1CEFBD9A00DE6B7E</string>
			</array>
			<key>defaultConfigurationIsVisible</key>
			<string>0</string>
			<key>defaultConfigurationName</key>
			<string>Release</string>
			<key>isa</key>
			<string>XCConfigurationList</string>
		</dict>
		<key>ADFF57001CEFBD9A00DE6B7E</key>
		<dict>
			<key>buildActionMask</key>
			<string>2147483647</string>
			<key>files</key>
			<array>
				<string>AD247B2C1CF0BBAB00CFAA16</string>
				<string>ADFF570A1CEFBD9A00DE6B7E</string>
				<string>ADBAF8E01CF25EF3002C4A1D</string>
				<string>ADFF57081CEFBD9A00DE6B7E</string>
				<string>ADFF573E1CEFD04600DE6B7E</string>
				<string>AD5E4FE81CF21DB20084ADF0</string>
				<string>AD247B331CF0C57A00CFAA16</string>
				<string>AD247B411CF0E7D300CFAA16</string>
				<string>AD247B301CF0C4AC00CFAA16</string>
				<string>AD247B491CF1103800CFAA16</string>
				<string>AD247B2E1CF0BBB200CFAA16</string>
				<string>ADFF57381CEFC4D000DE6B7E</string>
				<string>AD247B3F1CF0D68800CFAA16</string>
				<string>AD5E4FE61CF21CB20084ADF0</string>
				<string>AD247B341CF0C57A00CFAA16</string>
				<string>AD247B4D1CF14D9E00CFAA16</string>
				<string>AD5E4FE41CF219A80084ADF0</string>
				<string>ADFF573C1CEFD03D00DE6B7E</string>
				<string>AD247B471CF1011900CFAA16</string>
			</array>
			<key>isa</key>
			<string>PBXSourcesBuildPhase</string>
			<key>runOnlyForDeploymentPostprocessing</key>
			<string>0</string>
		</dict>
		<key>ADFF57011CEFBD9A00DE6B7E</key>
		<dict>
			<key>buildActionMask</key>
			<string>2147483647</string>
			<key>files</key>
			<array>
				<string>AD247B451CF0EFA900CFAA16</string>
				<string>676A9F136457BFEBD202CB25</string>
			</array>
			<key>isa</key>
			<string>PBXFrameworksBuildPhase</string>
			<key>runOnlyForDeploymentPostprocessing</key>
			<string>0</string>
		</dict>
		<key>ADFF57021CEFBD9A00DE6B7E</key>
		<dict>
			<key>buildActionMask</key>
			<string>2147483647</string>
			<key>files</key>
			<array>
				<string>ADFF57121CEFBD9A00DE6B7E</string>
				<string>ADFF57361CEFC0F100DE6B7E</string>
				<string>ADFF570F1CEFBD9A00DE6B7E</string>
				<string>ADFF570D1CEFBD9A00DE6B7E</string>
			</array>
			<key>isa</key>
			<string>PBXResourcesBuildPhase</string>
			<key>runOnlyForDeploymentPostprocessing</key>
			<string>0</string>
		</dict>
		<key>ADFF57031CEFBD9A00DE6B7E</key>
		<dict>
			<key>buildConfigurationList</key>
			<string>ADFF572C1CEFBD9A00DE6B7E</string>
			<key>buildPhases</key>
			<array>
				<string>4E56E0F9DC7D411D0025BD2F</string>
				<string>ADFF57001CEFBD9A00DE6B7E</string>
				<string>ADFF57011CEFBD9A00DE6B7E</string>
				<string>ADFF57021CEFBD9A00DE6B7E</string>
				<string>3F49D596E41DF120CF3AF88B</string>
				<string>E4F02223EE2FF30BE5B608ED</string>
			</array>
			<key>buildRules</key>
			<array/>
			<key>dependencies</key>
			<array/>
			<key>isa</key>
			<string>PBXNativeTarget</string>
			<key>name</key>
			<string>Fiery</string>
			<key>productName</key>
			<string>Fiery</string>
			<key>productReference</key>
			<string>ADFF57041CEFBD9A00DE6B7E</string>
			<key>productType</key>
			<string>com.apple.product-type.application</string>
		</dict>
		<key>ADFF57041CEFBD9A00DE6B7E</key>
		<dict>
			<key>explicitFileType</key>
			<string>wrapper.application</string>
			<key>includeInIndex</key>
			<string>0</string>
			<key>isa</key>
			<string>PBXFileReference</string>
			<key>path</key>
			<string>Fiery.app</string>
			<key>sourceTree</key>
			<string>BUILT_PRODUCTS_DIR</string>
		</dict>
		<key>ADFF57051CEFBD9A00DE6B7E</key>
		<dict>
			<key>children</key>
			<array>
				<string>ADFF57041CEFBD9A00DE6B7E</string>
				<string>ADFF57181CEFBD9A00DE6B7E</string>
				<string>ADFF57231CEFBD9A00DE6B7E</string>
			</array>
			<key>isa</key>
			<string>PBXGroup</string>
			<key>name</key>
			<string>Products</string>
			<key>sourceTree</key>
			<string>&lt;group&gt;</string>
		</dict>
		<key>ADFF57061CEFBD9A00DE6B7E</key>
		<dict>
			<key>children</key>
			<array>
				<string>AD247B381CF0C81100CFAA16</string>
				<string>AD247B391CF0C81700CFAA16</string>
				<string>AD247B3A1CF0C81D00CFAA16</string>
				<string>AD5E4FE91CF21DE90084ADF0</string>
				<string>AD247B371CF0C80800CFAA16</string>
				<string>AD247B361CF0C7F100CFAA16</string>
				<string>AD247B351CF0C7E500CFAA16</string>
				<string>AD247B3B1CF0C83E00CFAA16</string>
			</array>
			<key>isa</key>
			<string>PBXGroup</string>
			<key>path</key>
			<string>Fiery</string>
			<key>sourceTree</key>
			<string>&lt;group&gt;</string>
		</dict>
		<key>ADFF57071CEFBD9A00DE6B7E</key>
		<dict>
			<key>isa</key>
			<string>PBXFileReference</string>
			<key>lastKnownFileType</key>
			<string>sourcecode.swift</string>
			<key>path</key>
			<string>AppDelegate.swift</string>
			<key>sourceTree</key>
			<string>&lt;group&gt;</string>
		</dict>
		<key>ADFF57081CEFBD9A00DE6B7E</key>
		<dict>
			<key>fileRef</key>
			<string>ADFF57071CEFBD9A00DE6B7E</string>
			<key>isa</key>
			<string>PBXBuildFile</string>
		</dict>
		<key>ADFF57091CEFBD9A00DE6B7E</key>
		<dict>
			<key>isa</key>
			<string>PBXFileReference</string>
			<key>lastKnownFileType</key>
			<string>sourcecode.swift</string>
			<key>path</key>
			<string>RootViewController.swift</string>
			<key>sourceTree</key>
			<string>&lt;group&gt;</string>
		</dict>
		<key>ADFF570A1CEFBD9A00DE6B7E</key>
		<dict>
			<key>fileRef</key>
			<string>ADFF57091CEFBD9A00DE6B7E</string>
			<key>isa</key>
			<string>PBXBuildFile</string>
		</dict>
		<key>ADFF570B1CEFBD9A00DE6B7E</key>
		<dict>
			<key>children</key>
			<array>
				<string>ADFF570C1CEFBD9A00DE6B7E</string>
			</array>
			<key>isa</key>
			<string>PBXVariantGroup</string>
			<key>name</key>
			<string>Main.storyboard</string>
			<key>sourceTree</key>
			<string>&lt;group&gt;</string>
		</dict>
		<key>ADFF570C1CEFBD9A00DE6B7E</key>
		<dict>
			<key>isa</key>
			<string>PBXFileReference</string>
			<key>lastKnownFileType</key>
			<string>file.storyboard</string>
			<key>name</key>
			<string>Base</string>
			<key>path</key>
			<string>Base.lproj/Main.storyboard</string>
			<key>sourceTree</key>
			<string>&lt;group&gt;</string>
		</dict>
		<key>ADFF570D1CEFBD9A00DE6B7E</key>
		<dict>
			<key>fileRef</key>
			<string>ADFF570B1CEFBD9A00DE6B7E</string>
			<key>isa</key>
			<string>PBXBuildFile</string>
		</dict>
		<key>ADFF570E1CEFBD9A00DE6B7E</key>
		<dict>
			<key>isa</key>
			<string>PBXFileReference</string>
			<key>lastKnownFileType</key>
			<string>folder.assetcatalog</string>
			<key>path</key>
			<string>Assets.xcassets</string>
			<key>sourceTree</key>
			<string>&lt;group&gt;</string>
		</dict>
		<key>ADFF570F1CEFBD9A00DE6B7E</key>
		<dict>
			<key>fileRef</key>
			<string>ADFF570E1CEFBD9A00DE6B7E</string>
			<key>isa</key>
			<string>PBXBuildFile</string>
		</dict>
		<key>ADFF57101CEFBD9A00DE6B7E</key>
		<dict>
			<key>children</key>
			<array>
				<string>ADFF57111CEFBD9A00DE6B7E</string>
			</array>
			<key>isa</key>
			<string>PBXVariantGroup</string>
			<key>name</key>
			<string>LaunchScreen.storyboard</string>
			<key>sourceTree</key>
			<string>&lt;group&gt;</string>
		</dict>
		<key>ADFF57111CEFBD9A00DE6B7E</key>
		<dict>
			<key>isa</key>
			<string>PBXFileReference</string>
			<key>lastKnownFileType</key>
			<string>file.storyboard</string>
			<key>name</key>
			<string>Base</string>
			<key>path</key>
			<string>Base.lproj/LaunchScreen.storyboard</string>
			<key>sourceTree</key>
			<string>&lt;group&gt;</string>
		</dict>
		<key>ADFF57121CEFBD9A00DE6B7E</key>
		<dict>
			<key>fileRef</key>
			<string>ADFF57101CEFBD9A00DE6B7E</string>
			<key>isa</key>
			<string>PBXBuildFile</string>
		</dict>
		<key>ADFF57131CEFBD9A00DE6B7E</key>
		<dict>
			<key>isa</key>
			<string>PBXFileReference</string>
			<key>lastKnownFileType</key>
			<string>text.plist.xml</string>
			<key>path</key>
			<string>Info.plist</string>
			<key>sourceTree</key>
			<string>&lt;group&gt;</string>
		</dict>
		<key>ADFF57141CEFBD9A00DE6B7E</key>
		<dict>
			<key>buildActionMask</key>
			<string>2147483647</string>
			<key>files</key>
			<array>
				<string>ADFF571D1CEFBD9A00DE6B7E</string>
			</array>
			<key>isa</key>
			<string>PBXSourcesBuildPhase</string>
			<key>runOnlyForDeploymentPostprocessing</key>
			<string>0</string>
		</dict>
		<key>ADFF57151CEFBD9A00DE6B7E</key>
		<dict>
			<key>buildActionMask</key>
			<string>2147483647</string>
			<key>files</key>
			<array>
				<string>D40A11A836AADEBE49FA411F</string>
			</array>
			<key>isa</key>
			<string>PBXFrameworksBuildPhase</string>
			<key>runOnlyForDeploymentPostprocessing</key>
			<string>0</string>
		</dict>
		<key>ADFF57161CEFBD9A00DE6B7E</key>
		<dict>
			<key>buildActionMask</key>
			<string>2147483647</string>
			<key>files</key>
			<array/>
			<key>isa</key>
			<string>PBXResourcesBuildPhase</string>
			<key>runOnlyForDeploymentPostprocessing</key>
			<string>0</string>
		</dict>
		<key>ADFF57171CEFBD9A00DE6B7E</key>
		<dict>
			<key>buildConfigurationList</key>
			<string>ADFF572F1CEFBD9A00DE6B7E</string>
			<key>buildPhases</key>
			<array>
				<string>0869B046689CD9ABC2581CA6</string>
				<string>ADFF57141CEFBD9A00DE6B7E</string>
				<string>ADFF57151CEFBD9A00DE6B7E</string>
				<string>ADFF57161CEFBD9A00DE6B7E</string>
				<string>7FBC95027FEBB145C26C41C6</string>
				<string>7DD928BB3D9920C5A2004195</string>
			</array>
			<key>buildRules</key>
			<array/>
			<key>dependencies</key>
			<array>
				<string>ADFF571A1CEFBD9A00DE6B7E</string>
			</array>
			<key>isa</key>
			<string>PBXNativeTarget</string>
			<key>name</key>
			<string>FieryTests</string>
			<key>productName</key>
			<string>FieryTests</string>
			<key>productReference</key>
			<string>ADFF57181CEFBD9A00DE6B7E</string>
			<key>productType</key>
			<string>com.apple.product-type.bundle.unit-test</string>
		</dict>
		<key>ADFF57181CEFBD9A00DE6B7E</key>
		<dict>
			<key>explicitFileType</key>
			<string>wrapper.cfbundle</string>
			<key>includeInIndex</key>
			<string>0</string>
			<key>isa</key>
			<string>PBXFileReference</string>
			<key>path</key>
			<string>FieryTests.xctest</string>
			<key>sourceTree</key>
			<string>BUILT_PRODUCTS_DIR</string>
		</dict>
		<key>ADFF57191CEFBD9A00DE6B7E</key>
		<dict>
			<key>containerPortal</key>
			<string>ADFF56FC1CEFBD9A00DE6B7E</string>
			<key>isa</key>
			<string>PBXContainerItemProxy</string>
			<key>proxyType</key>
			<string>1</string>
			<key>remoteGlobalIDString</key>
			<string>ADFF57031CEFBD9A00DE6B7E</string>
			<key>remoteInfo</key>
			<string>Fiery</string>
		</dict>
		<key>ADFF571A1CEFBD9A00DE6B7E</key>
		<dict>
			<key>isa</key>
			<string>PBXTargetDependency</string>
			<key>target</key>
			<string>ADFF57031CEFBD9A00DE6B7E</string>
			<key>targetProxy</key>
			<string>ADFF57191CEFBD9A00DE6B7E</string>
		</dict>
		<key>ADFF571B1CEFBD9A00DE6B7E</key>
		<dict>
			<key>children</key>
			<array>
				<string>ADFF571C1CEFBD9A00DE6B7E</string>
				<string>ADFF571E1CEFBD9A00DE6B7E</string>
			</array>
			<key>isa</key>
			<string>PBXGroup</string>
			<key>path</key>
			<string>FieryTests</string>
			<key>sourceTree</key>
			<string>&lt;group&gt;</string>
		</dict>
		<key>ADFF571C1CEFBD9A00DE6B7E</key>
		<dict>
			<key>isa</key>
			<string>PBXFileReference</string>
			<key>lastKnownFileType</key>
			<string>sourcecode.swift</string>
			<key>path</key>
			<string>FieryTests.swift</string>
			<key>sourceTree</key>
			<string>&lt;group&gt;</string>
		</dict>
		<key>ADFF571D1CEFBD9A00DE6B7E</key>
		<dict>
			<key>fileRef</key>
			<string>ADFF571C1CEFBD9A00DE6B7E</string>
			<key>isa</key>
			<string>PBXBuildFile</string>
		</dict>
		<key>ADFF571E1CEFBD9A00DE6B7E</key>
		<dict>
			<key>isa</key>
			<string>PBXFileReference</string>
			<key>lastKnownFileType</key>
			<string>text.plist.xml</string>
			<key>path</key>
			<string>Info.plist</string>
			<key>sourceTree</key>
			<string>&lt;group&gt;</string>
		</dict>
		<key>ADFF571F1CEFBD9A00DE6B7E</key>
		<dict>
			<key>buildActionMask</key>
			<string>2147483647</string>
			<key>files</key>
			<array>
				<string>ADFF57281CEFBD9A00DE6B7E</string>
			</array>
			<key>isa</key>
			<string>PBXSourcesBuildPhase</string>
			<key>runOnlyForDeploymentPostprocessing</key>
			<string>0</string>
		</dict>
		<key>ADFF57201CEFBD9A00DE6B7E</key>
		<dict>
			<key>buildActionMask</key>
			<string>2147483647</string>
			<key>files</key>
			<array>
				<string>2651BB1A5835C6E210DC2891</string>
			</array>
			<key>isa</key>
			<string>PBXFrameworksBuildPhase</string>
			<key>runOnlyForDeploymentPostprocessing</key>
			<string>0</string>
		</dict>
		<key>ADFF57211CEFBD9A00DE6B7E</key>
		<dict>
			<key>buildActionMask</key>
			<string>2147483647</string>
			<key>files</key>
			<array/>
			<key>isa</key>
			<string>PBXResourcesBuildPhase</string>
			<key>runOnlyForDeploymentPostprocessing</key>
			<string>0</string>
		</dict>
		<key>ADFF57221CEFBD9A00DE6B7E</key>
		<dict>
			<key>buildConfigurationList</key>
			<string>ADFF57321CEFBD9A00DE6B7E</string>
			<key>buildPhases</key>
			<array>
				<string>6B94B2BAF6BE41B63198EE1F</string>
				<string>ADFF571F1CEFBD9A00DE6B7E</string>
				<string>ADFF57201CEFBD9A00DE6B7E</string>
				<string>ADFF57211CEFBD9A00DE6B7E</string>
				<string>AD674FD107E116EDD90F393C</string>
			</array>
			<key>buildRules</key>
			<array/>
			<key>dependencies</key>
			<array>
				<string>ADFF57251CEFBD9A00DE6B7E</string>
			</array>
			<key>isa</key>
			<string>PBXNativeTarget</string>
			<key>name</key>
			<string>FieryUITests</string>
			<key>productName</key>
			<string>FieryUITests</string>
			<key>productReference</key>
			<string>ADFF57231CEFBD9A00DE6B7E</string>
			<key>productType</key>
			<string>com.apple.product-type.bundle.ui-testing</string>
		</dict>
		<key>ADFF57231CEFBD9A00DE6B7E</key>
		<dict>
			<key>explicitFileType</key>
			<string>wrapper.cfbundle</string>
			<key>includeInIndex</key>
			<string>0</string>
			<key>isa</key>
			<string>PBXFileReference</string>
			<key>path</key>
			<string>FieryUITests.xctest</string>
			<key>sourceTree</key>
			<string>BUILT_PRODUCTS_DIR</string>
		</dict>
		<key>ADFF57241CEFBD9A00DE6B7E</key>
		<dict>
			<key>containerPortal</key>
			<string>ADFF56FC1CEFBD9A00DE6B7E</string>
			<key>isa</key>
			<string>PBXContainerItemProxy</string>
			<key>proxyType</key>
			<string>1</string>
			<key>remoteGlobalIDString</key>
			<string>ADFF57031CEFBD9A00DE6B7E</string>
			<key>remoteInfo</key>
			<string>Fiery</string>
		</dict>
		<key>ADFF57251CEFBD9A00DE6B7E</key>
		<dict>
			<key>isa</key>
			<string>PBXTargetDependency</string>
			<key>target</key>
			<string>ADFF57031CEFBD9A00DE6B7E</string>
			<key>targetProxy</key>
			<string>ADFF57241CEFBD9A00DE6B7E</string>
		</dict>
		<key>ADFF57261CEFBD9A00DE6B7E</key>
		<dict>
			<key>children</key>
			<array>
				<string>ADFF57271CEFBD9A00DE6B7E</string>
				<string>ADFF57291CEFBD9A00DE6B7E</string>
			</array>
			<key>isa</key>
			<string>PBXGroup</string>
			<key>path</key>
			<string>FieryUITests</string>
			<key>sourceTree</key>
			<string>&lt;group&gt;</string>
		</dict>
		<key>ADFF57271CEFBD9A00DE6B7E</key>
		<dict>
			<key>isa</key>
			<string>PBXFileReference</string>
			<key>lastKnownFileType</key>
			<string>sourcecode.swift</string>
			<key>path</key>
			<string>FieryUITests.swift</string>
			<key>sourceTree</key>
			<string>&lt;group&gt;</string>
		</dict>
		<key>ADFF57281CEFBD9A00DE6B7E</key>
		<dict>
			<key>fileRef</key>
			<string>ADFF57271CEFBD9A00DE6B7E</string>
			<key>isa</key>
			<string>PBXBuildFile</string>
		</dict>
		<key>ADFF57291CEFBD9A00DE6B7E</key>
		<dict>
			<key>isa</key>
			<string>PBXFileReference</string>
			<key>lastKnownFileType</key>
			<string>text.plist.xml</string>
			<key>path</key>
			<string>Info.plist</string>
			<key>sourceTree</key>
			<string>&lt;group&gt;</string>
		</dict>
		<key>ADFF572A1CEFBD9A00DE6B7E</key>
		<dict>
			<key>buildSettings</key>
			<dict>
				<key>ALWAYS_SEARCH_USER_PATHS</key>
				<string>NO</string>
				<key>CLANG_ANALYZER_NONNULL</key>
				<string>YES</string>
				<key>CLANG_CXX_LANGUAGE_STANDARD</key>
				<string>gnu++0x</string>
				<key>CLANG_CXX_LIBRARY</key>
				<string>libc++</string>
				<key>CLANG_ENABLE_CODE_COVERAGE</key>
				<string>YES</string>
				<key>CLANG_ENABLE_MODULES</key>
				<string>YES</string>
				<key>CLANG_ENABLE_OBJC_ARC</key>
				<string>YES</string>
				<key>CLANG_WARN_BOOL_CONVERSION</key>
				<string>YES</string>
				<key>CLANG_WARN_CONSTANT_CONVERSION</key>
				<string>YES</string>
				<key>CLANG_WARN_DIRECT_OBJC_ISA_USAGE</key>
				<string>YES_ERROR</string>
				<key>CLANG_WARN_EMPTY_BODY</key>
				<string>YES</string>
				<key>CLANG_WARN_ENUM_CONVERSION</key>
				<string>YES</string>
				<key>CLANG_WARN_INT_CONVERSION</key>
				<string>YES</string>
				<key>CLANG_WARN_OBJC_ROOT_CLASS</key>
				<string>YES_ERROR</string>
				<key>CLANG_WARN_UNREACHABLE_CODE</key>
				<string>YES</string>
				<key>CLANG_WARN__DUPLICATE_METHOD_MATCH</key>
				<string>YES</string>
				<key>CODE_SIGN_IDENTITY[sdk=iphoneos*]</key>
				<string>iPhone Developer</string>
				<key>COPY_PHASE_STRIP</key>
				<string>NO</string>
				<key>DEBUG_INFORMATION_FORMAT</key>
				<string>dwarf</string>
				<key>ENABLE_STRICT_OBJC_MSGSEND</key>
				<string>YES</string>
				<key>ENABLE_TESTABILITY</key>
				<string>YES</string>
				<key>GCC_C_LANGUAGE_STANDARD</key>
				<string>gnu99</string>
				<key>GCC_DYNAMIC_NO_PIC</key>
				<string>NO</string>
				<key>GCC_NO_COMMON_BLOCKS</key>
				<string>YES</string>
				<key>GCC_OPTIMIZATION_LEVEL</key>
				<string>0</string>
				<key>GCC_PREPROCESSOR_DEFINITIONS</key>
				<array>
					<string>DEBUG=1</string>
					<string>$(inherited)</string>
				</array>
				<key>GCC_WARN_64_TO_32_BIT_CONVERSION</key>
				<string>YES</string>
				<key>GCC_WARN_ABOUT_RETURN_TYPE</key>
				<string>YES_ERROR</string>
				<key>GCC_WARN_UNDECLARED_SELECTOR</key>
				<string>YES</string>
				<key>GCC_WARN_UNINITIALIZED_AUTOS</key>
				<string>YES_AGGRESSIVE</string>
				<key>GCC_WARN_UNUSED_FUNCTION</key>
				<string>YES</string>
				<key>GCC_WARN_UNUSED_VARIABLE</key>
				<string>YES</string>
				<key>IPHONEOS_DEPLOYMENT_TARGET</key>
				<string>9.3</string>
				<key>MTL_ENABLE_DEBUG_INFO</key>
				<string>YES</string>
				<key>ONLY_ACTIVE_ARCH</key>
				<string>YES</string>
				<key>SDKROOT</key>
				<string>iphoneos</string>
				<key>SWIFT_OPTIMIZATION_LEVEL</key>
				<string>-Onone</string>
				<key>TARGETED_DEVICE_FAMILY</key>
				<string>1,2</string>
			</dict>
			<key>isa</key>
			<string>XCBuildConfiguration</string>
			<key>name</key>
			<string>Debug</string>
		</dict>
		<key>ADFF572B1CEFBD9A00DE6B7E</key>
		<dict>
			<key>buildSettings</key>
			<dict>
				<key>ALWAYS_SEARCH_USER_PATHS</key>
				<string>NO</string>
				<key>CLANG_ANALYZER_NONNULL</key>
				<string>YES</string>
				<key>CLANG_CXX_LANGUAGE_STANDARD</key>
				<string>gnu++0x</string>
				<key>CLANG_CXX_LIBRARY</key>
				<string>libc++</string>
				<key>CLANG_ENABLE_CODE_COVERAGE</key>
				<string>YES</string>
				<key>CLANG_ENABLE_MODULES</key>
				<string>YES</string>
				<key>CLANG_ENABLE_OBJC_ARC</key>
				<string>YES</string>
				<key>CLANG_WARN_BOOL_CONVERSION</key>
				<string>YES</string>
				<key>CLANG_WARN_CONSTANT_CONVERSION</key>
				<string>YES</string>
				<key>CLANG_WARN_DIRECT_OBJC_ISA_USAGE</key>
				<string>YES_ERROR</string>
				<key>CLANG_WARN_EMPTY_BODY</key>
				<string>YES</string>
				<key>CLANG_WARN_ENUM_CONVERSION</key>
				<string>YES</string>
				<key>CLANG_WARN_INT_CONVERSION</key>
				<string>YES</string>
				<key>CLANG_WARN_OBJC_ROOT_CLASS</key>
				<string>YES_ERROR</string>
				<key>CLANG_WARN_UNREACHABLE_CODE</key>
				<string>YES</string>
				<key>CLANG_WARN__DUPLICATE_METHOD_MATCH</key>
				<string>YES</string>
				<key>CODE_SIGN_IDENTITY[sdk=iphoneos*]</key>
				<string>iPhone Developer</string>
				<key>COPY_PHASE_STRIP</key>
				<string>NO</string>
				<key>DEBUG_INFORMATION_FORMAT</key>
				<string>dwarf-with-dsym</string>
				<key>ENABLE_NS_ASSERTIONS</key>
				<string>NO</string>
				<key>ENABLE_STRICT_OBJC_MSGSEND</key>
				<string>YES</string>
				<key>GCC_C_LANGUAGE_STANDARD</key>
				<string>gnu99</string>
				<key>GCC_NO_COMMON_BLOCKS</key>
				<string>YES</string>
				<key>GCC_WARN_64_TO_32_BIT_CONVERSION</key>
				<string>YES</string>
				<key>GCC_WARN_ABOUT_RETURN_TYPE</key>
				<string>YES_ERROR</string>
				<key>GCC_WARN_UNDECLARED_SELECTOR</key>
				<string>YES</string>
				<key>GCC_WARN_UNINITIALIZED_AUTOS</key>
				<string>YES_AGGRESSIVE</string>
				<key>GCC_WARN_UNUSED_FUNCTION</key>
				<string>YES</string>
				<key>GCC_WARN_UNUSED_VARIABLE</key>
				<string>YES</string>
				<key>IPHONEOS_DEPLOYMENT_TARGET</key>
				<string>9.3</string>
				<key>MTL_ENABLE_DEBUG_INFO</key>
				<string>NO</string>
				<key>SDKROOT</key>
				<string>iphoneos</string>
				<key>TARGETED_DEVICE_FAMILY</key>
				<string>1,2</string>
				<key>VALIDATE_PRODUCT</key>
				<string>YES</string>
			</dict>
			<key>isa</key>
			<string>XCBuildConfiguration</string>
			<key>name</key>
			<string>Release</string>
		</dict>
		<key>ADFF572C1CEFBD9A00DE6B7E</key>
		<dict>
			<key>buildConfigurations</key>
			<array>
				<string>ADFF572D1CEFBD9A00DE6B7E</string>
				<string>ADFF572E1CEFBD9A00DE6B7E</string>
			</array>
			<key>defaultConfigurationIsVisible</key>
			<string>0</string>
			<key>defaultConfigurationName</key>
			<string>Release</string>
			<key>isa</key>
			<string>XCConfigurationList</string>
		</dict>
		<key>ADFF572D1CEFBD9A00DE6B7E</key>
		<dict>
			<key>baseConfigurationReference</key>
			<string>64E4237791408F948BC611FB</string>
			<key>buildSettings</key>
			<dict>
				<key>ASSETCATALOG_COMPILER_APPICON_NAME</key>
				<string>AppIcon</string>
				<key>CODE_SIGN_IDENTITY</key>
				<string>iPhone Developer</string>
				<key>INFOPLIST_FILE</key>
				<string>Fiery/Info.plist</string>
				<key>LD_RUNPATH_SEARCH_PATHS</key>
				<string>$(inherited) @executable_path/Frameworks</string>
				<key>PRODUCT_BUNDLE_IDENTIFIER</key>
				<string>app.ragnar.Fiery</string>
				<key>PRODUCT_NAME</key>
				<string>$(TARGET_NAME)</string>
				<key>TARGETED_DEVICE_FAMILY</key>
				<string>1</string>
			</dict>
			<key>isa</key>
			<string>XCBuildConfiguration</string>
			<key>name</key>
			<string>Debug</string>
		</dict>
		<key>ADFF572E1CEFBD9A00DE6B7E</key>
		<dict>
			<key>baseConfigurationReference</key>
			<string>66DCB763D644EF97C340FC4D</string>
			<key>buildSettings</key>
			<dict>
				<key>ASSETCATALOG_COMPILER_APPICON_NAME</key>
				<string>AppIcon</string>
				<key>CODE_SIGN_IDENTITY</key>
				<string>iPhone Developer</string>
				<key>INFOPLIST_FILE</key>
				<string>Fiery/Info.plist</string>
				<key>LD_RUNPATH_SEARCH_PATHS</key>
				<string>$(inherited) @executable_path/Frameworks</string>
				<key>PRODUCT_BUNDLE_IDENTIFIER</key>
				<string>app.ragnar.Fiery</string>
				<key>PRODUCT_NAME</key>
				<string>$(TARGET_NAME)</string>
				<key>TARGETED_DEVICE_FAMILY</key>
				<string>1</string>
			</dict>
			<key>isa</key>
			<string>XCBuildConfiguration</string>
			<key>name</key>
			<string>Release</string>
		</dict>
		<key>ADFF572F1CEFBD9A00DE6B7E</key>
		<dict>
			<key>buildConfigurations</key>
			<array>
				<string>ADFF57301CEFBD9A00DE6B7E</string>
				<string>ADFF57311CEFBD9A00DE6B7E</string>
			</array>
			<key>defaultConfigurationIsVisible</key>
			<string>0</string>
			<key>defaultConfigurationName</key>
			<string>Release</string>
			<key>isa</key>
			<string>XCConfigurationList</string>
		</dict>
		<key>ADFF57301CEFBD9A00DE6B7E</key>
		<dict>
			<key>baseConfigurationReference</key>
			<string>70E75B42F9E36FB500C20AA6</string>
			<key>buildSettings</key>
			<dict>
				<key>BUNDLE_LOADER</key>
				<string>$(TEST_HOST)</string>
				<key>INFOPLIST_FILE</key>
				<string>FieryTests/Info.plist</string>
				<key>LD_RUNPATH_SEARCH_PATHS</key>
				<string>$(inherited) @executable_path/Frameworks @loader_path/Frameworks</string>
				<key>PRODUCT_BUNDLE_IDENTIFIER</key>
				<string>app.ragnar.FieryTests</string>
				<key>PRODUCT_NAME</key>
				<string>$(TARGET_NAME)</string>
				<key>TEST_HOST</key>
				<string>$(BUILT_PRODUCTS_DIR)/Fiery.app/Fiery</string>
			</dict>
			<key>isa</key>
			<string>XCBuildConfiguration</string>
			<key>name</key>
			<string>Debug</string>
		</dict>
		<key>ADFF57311CEFBD9A00DE6B7E</key>
		<dict>
			<key>baseConfigurationReference</key>
			<string>5E1B6D54EC8CB5AA9283AF16</string>
			<key>buildSettings</key>
			<dict>
				<key>BUNDLE_LOADER</key>
				<string>$(TEST_HOST)</string>
				<key>INFOPLIST_FILE</key>
				<string>FieryTests/Info.plist</string>
				<key>LD_RUNPATH_SEARCH_PATHS</key>
				<string>$(inherited) @executable_path/Frameworks @loader_path/Frameworks</string>
				<key>PRODUCT_BUNDLE_IDENTIFIER</key>
				<string>app.ragnar.FieryTests</string>
				<key>PRODUCT_NAME</key>
				<string>$(TARGET_NAME)</string>
				<key>TEST_HOST</key>
				<string>$(BUILT_PRODUCTS_DIR)/Fiery.app/Fiery</string>
			</dict>
			<key>isa</key>
			<string>XCBuildConfiguration</string>
			<key>name</key>
			<string>Release</string>
		</dict>
		<key>ADFF57321CEFBD9A00DE6B7E</key>
		<dict>
			<key>buildConfigurations</key>
			<array>
				<string>ADFF57331CEFBD9A00DE6B7E</string>
				<string>ADFF57341CEFBD9A00DE6B7E</string>
			</array>
			<key>defaultConfigurationIsVisible</key>
			<string>0</string>
			<key>defaultConfigurationName</key>
			<string>Release</string>
			<key>isa</key>
			<string>XCConfigurationList</string>
		</dict>
		<key>ADFF57331CEFBD9A00DE6B7E</key>
		<dict>
			<key>baseConfigurationReference</key>
			<string>863F155C48B99961C822C380</string>
			<key>buildSettings</key>
			<dict>
				<key>INFOPLIST_FILE</key>
				<string>FieryUITests/Info.plist</string>
				<key>LD_RUNPATH_SEARCH_PATHS</key>
				<string>$(inherited) @executable_path/Frameworks @loader_path/Frameworks</string>
				<key>PRODUCT_BUNDLE_IDENTIFIER</key>
				<string>app.ragnar.FieryUITests</string>
				<key>PRODUCT_NAME</key>
				<string>$(TARGET_NAME)</string>
				<key>TEST_TARGET_NAME</key>
				<string>Fiery</string>
			</dict>
			<key>isa</key>
			<string>XCBuildConfiguration</string>
			<key>name</key>
			<string>Debug</string>
		</dict>
		<key>ADFF57341CEFBD9A00DE6B7E</key>
		<dict>
			<key>baseConfigurationReference</key>
			<string>DB9C00E1026821BF7E808724</string>
			<key>buildSettings</key>
			<dict>
				<key>INFOPLIST_FILE</key>
				<string>FieryUITests/Info.plist</string>
				<key>LD_RUNPATH_SEARCH_PATHS</key>
				<string>$(inherited) @executable_path/Frameworks @loader_path/Frameworks</string>
				<key>PRODUCT_BUNDLE_IDENTIFIER</key>
				<string>app.ragnar.FieryUITests</string>
				<key>PRODUCT_NAME</key>
				<string>$(TARGET_NAME)</string>
				<key>TEST_TARGET_NAME</key>
				<string>Fiery</string>
			</dict>
			<key>isa</key>
			<string>XCBuildConfiguration</string>
			<key>name</key>
			<string>Release</string>
		</dict>
		<key>ADFF57351CEFC0F100DE6B7E</key>
		<dict>
			<key>fileEncoding</key>
			<string>4</string>
			<key>isa</key>
			<string>PBXFileReference</string>
			<key>lastKnownFileType</key>
			<string>text.plist.xml</string>
			<key>path</key>
			<string>GoogleService-Info.plist</string>
			<key>sourceTree</key>
			<string>&lt;group&gt;</string>
		</dict>
		<key>ADFF57361CEFC0F100DE6B7E</key>
		<dict>
			<key>fileRef</key>
			<string>ADFF57351CEFC0F100DE6B7E</string>
			<key>isa</key>
			<string>PBXBuildFile</string>
		</dict>
		<key>ADFF57371CEFC4D000DE6B7E</key>
		<dict>
			<key>fileEncoding</key>
			<string>4</string>
			<key>isa</key>
			<string>PBXFileReference</string>
			<key>lastKnownFileType</key>
			<string>sourcecode.swift</string>
			<key>path</key>
			<string>FirebaseDataManager.swift</string>
			<key>sourceTree</key>
			<string>&lt;group&gt;</string>
		</dict>
		<key>ADFF57381CEFC4D000DE6B7E</key>
		<dict>
			<key>fileRef</key>
			<string>ADFF57371CEFC4D000DE6B7E</string>
			<key>isa</key>
			<string>PBXBuildFile</string>
		</dict>
		<key>ADFF573B1CEFD03D00DE6B7E</key>
		<dict>
			<key>fileEncoding</key>
			<string>4</string>
			<key>isa</key>
			<string>PBXFileReference</string>
			<key>lastKnownFileType</key>
			<string>sourcecode.swift</string>
			<key>path</key>
			<string>AuthenticationViewController.swift</string>
			<key>sourceTree</key>
			<string>&lt;group&gt;</string>
		</dict>
		<key>ADFF573C1CEFD03D00DE6B7E</key>
		<dict>
			<key>fileRef</key>
			<string>ADFF573B1CEFD03D00DE6B7E</string>
			<key>isa</key>
			<string>PBXBuildFile</string>
		</dict>
		<key>ADFF573D1CEFD04600DE6B7E</key>
		<dict>
			<key>fileEncoding</key>
			<string>4</string>
			<key>isa</key>
			<string>PBXFileReference</string>
			<key>lastKnownFileType</key>
			<string>sourcecode.swift</string>
			<key>path</key>
			<string>ConnectionsViewController.swift</string>
			<key>sourceTree</key>
			<string>&lt;group&gt;</string>
		</dict>
		<key>ADFF573E1CEFD04600DE6B7E</key>
		<dict>
			<key>fileRef</key>
			<string>ADFF573D1CEFD04600DE6B7E</string>
			<key>isa</key>
			<string>PBXBuildFile</string>
		</dict>
		<key>CBA4B70E4D3DF4C0E66756A1</key>
		<dict>
			<key>explicitFileType</key>
			<string>wrapper.framework</string>
			<key>includeInIndex</key>
			<string>0</string>
			<key>isa</key>
			<string>PBXFileReference</string>
			<key>path</key>
			<string>Pods_FieryTests.framework</string>
			<key>sourceTree</key>
			<string>BUILT_PRODUCTS_DIR</string>
		</dict>
		<key>D40A11A836AADEBE49FA411F</key>
		<dict>
			<key>fileRef</key>
			<string>CBA4B70E4D3DF4C0E66756A1</string>
			<key>isa</key>
			<string>PBXBuildFile</string>
		</dict>
		<key>DB9C00E1026821BF7E808724</key>
		<dict>
			<key>includeInIndex</key>
			<string>1</string>
			<key>isa</key>
			<string>PBXFileReference</string>
			<key>lastKnownFileType</key>
			<string>text.xcconfig</string>
			<key>name</key>
			<string>Pods-FieryUITests.release.xcconfig</string>
			<key>path</key>
			<string>Pods/Target Support Files/Pods-FieryUITests/Pods-FieryUITests.release.xcconfig</string>
			<key>sourceTree</key>
			<string>&lt;group&gt;</string>
		</dict>
		<key>E4F02223EE2FF30BE5B608ED</key>
		<dict>
			<key>buildActionMask</key>
			<string>2147483647</string>
			<key>files</key>
			<array/>
			<key>inputPaths</key>
			<array/>
			<key>isa</key>
			<string>PBXShellScriptBuildPhase</string>
			<key>name</key>
			<string>Copy Pods Resources</string>
			<key>outputPaths</key>
			<array/>
			<key>runOnlyForDeploymentPostprocessing</key>
			<string>0</string>
			<key>shellPath</key>
			<string>/bin/sh</string>
			<key>shellScript</key>
			<string>"${SRCROOT}/Pods/Target Support Files/Pods-Fiery/Pods-Fiery-resources.sh"
</string>
			<key>showEnvVarsInLog</key>
			<string>0</string>
		</dict>
	</dict>
	<key>rootObject</key>
	<string>ADFF56FC1CEFBD9A00DE6B7E</string>
</dict>
</plist>
